<Solution>
  <Configurations>
    <Platform Name="x64" />
    <Platform Name="x86" />
  </Configurations>
  <Project Path="SonicMania/SonicMania.vcxproj" Id="e179ba4d-fee4-49dc-b5a0-14a7af1fbb06" />
  <Project Path="SonicMania/SonicMania_All.vcxproj" Id="036106bf-6dd0-4cb5-8f01-67c84f00cd6a" />
  <Project Path="SonicMania/SonicMania_All_PrePlus.vcxproj" Id="2982afb1-8efd-4861-9e29-bbeabaf2372d" />
  <Project Path="SonicMania/SonicMania_PrePlus.vcxproj" Id="eee41353-f9f9-491e-a325-85a98cf0b9ab" />
</Solution>
