<?xml version="1.0" encoding="utf-8"?>
<Project ToolsVersion="4.0" xmlns="http://schemas.microsoft.com/developer/msbuild/2003">
  <ItemGroup>
    <Filter Include="Source Files">
      <UniqueIdentifier>{4FC737F1-C7A5-4376-A066-2A32D752A2FF}</UniqueIdentifier>
      <Extensions>cpp;c;cc;cxx;def;odl;idl;hpj;bat;asm;asmx</Extensions>
    </Filter>
    <Filter Include="Resource Files">
      <UniqueIdentifier>{67DA6AB6-F800-4c08-8B7A-83BB121AAD01}</UniqueIdentifier>
      <Extensions>rc;ico;cur;bmp;dlg;rc2;rct;bin;rgs;gif;jpg;jpeg;jpe;resx;tiff;tif;png;wav;mfcribbon-ms</Extensions>
    </Filter>
    <Filter Include="Source Files\Dependencies">
      <UniqueIdentifier>{1e7829c1-78be-45fa-85fb-53cf48c78619}</UniqueIdentifier>
    </Filter>
    <Filter Include="Source Files\Dependencies\tinyxml2">
      <UniqueIdentifier>{a654cc12-6586-4ca9-a1f5-4283b5adb333}</UniqueIdentifier>
    </Filter>
    <Filter Include="Source Files\Dependencies\iniparser">
      <UniqueIdentifier>{8d8ef52b-d925-47a1-8bdf-a58a979f0a8a}</UniqueIdentifier>
    </Filter>
    <Filter Include="Source Files\RSDK">
      <UniqueIdentifier>{027c631f-4235-4f35-bde8-e0d5410cf572}</UniqueIdentifier>
    </Filter>
    <Filter Include="Source Files\RSDK\Graphics">
      <UniqueIdentifier>{2c8c02b3-f269-4b82-9fe5-ea518c81dd02}</UniqueIdentifier>
    </Filter>
    <Filter Include="Source Files\RSDK\Audio">
      <UniqueIdentifier>{ee456880-cc46-4b2e-88e8-b3918cf17a63}</UniqueIdentifier>
    </Filter>
    <Filter Include="Source Files\RSDK\Input">
      <UniqueIdentifier>{5eebff67-56f1-453b-b5e0-10252f2d63b7}</UniqueIdentifier>
    </Filter>
    <Filter Include="Source Files\RSDK\Core">
      <UniqueIdentifier>{808b7d16-08c2-4d66-9f9b-f9f21f9ab4d6}</UniqueIdentifier>
    </Filter>
    <Filter Include="Source Files\RSDK\User">
      <UniqueIdentifier>{48b518d3-febc-4fad-b9fe-7c8bd3b0f84d}</UniqueIdentifier>
    </Filter>
    <Filter Include="Source Files\RSDK\User\Core">
      <UniqueIdentifier>{92f989f0-c172-405c-a871-2e3a93efea6e}</UniqueIdentifier>
    </Filter>
    <Filter Include="Source Files\RSDK\User\Dummy">
      <UniqueIdentifier>{d3e17053-28dc-4e5d-8b7e-e6eedd960d95}</UniqueIdentifier>
    </Filter>
    <Filter Include="Source Files\RSDK\Dev">
      <UniqueIdentifier>{5a5ee944-5137-4956-ae25-100a4e9f24dd}</UniqueIdentifier>
    </Filter>
    <Filter Include="Source Files\RSDK\Scene">
      <UniqueIdentifier>{f2a5aa4b-a986-45bd-b29f-1f0774bfd383}</UniqueIdentifier>
    </Filter>
    <Filter Include="Source Files\RSDK\Storage">
      <UniqueIdentifier>{a7920a0c-ebc4-4b85-aefd-0d2a7952c2a9}</UniqueIdentifier>
    </Filter>
    <Filter Include="Source Files\RSDK\User\Steam">
      <UniqueIdentifier>{132921db-947f-4dd8-8abb-acdbf98cf394}</UniqueIdentifier>
    </Filter>
    <Filter Include="Source Files\RSDK\User\EOS">
      <UniqueIdentifier>{56b4b3ad-9b30-4bac-87a3-fd725d7955e1}</UniqueIdentifier>
    </Filter>
    <Filter Include="Source Files\RSDK\User\NX">
      <UniqueIdentifier>{55ecc527-767c-4e45-af92-b8034baebdae}</UniqueIdentifier>
    </Filter>
    <Filter Include="Source Files\RSDK\Scene\Objects">
      <UniqueIdentifier>{b9894090-5a9a-4ac6-9ad3-1848676f8cfd}</UniqueIdentifier>
    </Filter>
    <Filter Include="Source Files\RSDK\Graphics\SDL2">
      <UniqueIdentifier>{12712656-5ec7-4db8-93e8-4efb59fa2fb9}</UniqueIdentifier>
    </Filter>
    <Filter Include="Source Files\RSDK\Graphics\DX9">
      <UniqueIdentifier>{e7e02a25-3ad5-4bb8-9f2a-7b588716e834}</UniqueIdentifier>
    </Filter>
    <Filter Include="Source Files\RSDK\Input\Keyboard">
      <UniqueIdentifier>{58a99494-ed12-440c-b723-7ce55ef4a7ee}</UniqueIdentifier>
    </Filter>
    <Filter Include="Source Files\RSDK\Input\XInput">
      <UniqueIdentifier>{7fdbae2e-3df7-45bb-847b-20ad4d0282da}</UniqueIdentifier>
    </Filter>
    <Filter Include="Source Files\RSDK\Input\Steam">
      <UniqueIdentifier>{1bc59318-3a61-4874-94fe-2951a519893a}</UniqueIdentifier>
    </Filter>
    <Filter Include="Source Files\RSDK\Input\SDL2">
      <UniqueIdentifier>{49063a91-6575-45f9-b215-c7ada69f501b}</UniqueIdentifier>
    </Filter>
    <Filter Include="Source Files\RSDK\Input\RawInput">
      <UniqueIdentifier>{0b8543ee-c9c4-4205-9ca4-3b53372cf959}</UniqueIdentifier>
    </Filter>
    <Filter Include="Source Files\RSDK\Graphics\GL3">
      <UniqueIdentifier>{4095d349-fe42-4021-b5a3-4a333a7763f2}</UniqueIdentifier>
    </Filter>
    <Filter Include="Source Files\RSDK\Input\GLFW">
      <UniqueIdentifier>{ba402bc1-9763-4454-9d46-3aaa17bb1e49}</UniqueIdentifier>
    </Filter>
    <Filter Include="Source Files\RSDK\Audio\SDL2">
      <UniqueIdentifier>{9c30e4d9-8382-48af-8d33-432bd1c3398a}</UniqueIdentifier>
    </Filter>
    <Filter Include="Source Files\RSDK\Audio\XAudio">
      <UniqueIdentifier>{d4cac3fe-2063-44e8-8fe0-eabafd4611bb}</UniqueIdentifier>
    </Filter>
    <Filter Include="Source Files\Dependencies\stb_vorbis">
      <UniqueIdentifier>{5bef1c25-dbec-45b2-85fc-1fb313159239}</UniqueIdentifier>
    </Filter>
    <Filter Include="Source Files\Dependencies\miniz">
      <UniqueIdentifier>{2c2876b9-15f4-4cf8-a46e-d63df861a9cc}</UniqueIdentifier>
    </Filter>
    <Filter Include="Source Files\RSDK\Input\NX">
      <UniqueIdentifier>{db908e49-93d1-46fe-b046-701949be29af}</UniqueIdentifier>
    </Filter>
  </ItemGroup>
  <ItemGroup>
    <ClCompile Include="..\dependencies\all\tinyxml2\tinyxml2.cpp">
      <Filter>Source Files\Dependencies\tinyxml2</Filter>
    </ClCompile>
    <ClCompile Include="main.cpp">
      <Filter>Source Files\RSDK</Filter>
    </ClCompile>
    <ClCompile Include="RSDK\User\Dummy\DummyAchievements.cpp">
      <Filter>Source Files\RSDK\User\Dummy</Filter>
    </ClCompile>
    <ClCompile Include="RSDK\User\Dummy\DummyCore.cpp">
      <Filter>Source Files\RSDK\User\Dummy</Filter>
    </ClCompile>
    <ClCompile Include="RSDK\User\Dummy\DummyLeaderboards.cpp">
      <Filter>Source Files\RSDK\User\Dummy</Filter>
    </ClCompile>
    <ClCompile Include="RSDK\User\Dummy\DummyPresence.cpp">
      <Filter>Source Files\RSDK\User\Dummy</Filter>
    </ClCompile>
    <ClCompile Include="RSDK\User\Dummy\DummyStats.cpp">
      <Filter>Source Files\RSDK\User\Dummy</Filter>
    </ClCompile>
    <ClCompile Include="RSDK\User\Steam\SteamAchievements.cpp">
      <Filter>Source Files\RSDK\User\Steam</Filter>
    </ClCompile>
    <ClCompile Include="RSDK\User\Steam\SteamCore.cpp">
      <Filter>Source Files\RSDK\User\Steam</Filter>
    </ClCompile>
    <ClCompile Include="RSDK\User\Steam\SteamLeaderboards.cpp">
      <Filter>Source Files\RSDK\User\Steam</Filter>
    </ClCompile>
    <ClCompile Include="RSDK\User\Steam\SteamPresence.cpp">
      <Filter>Source Files\RSDK\User\Steam</Filter>
    </ClCompile>
    <ClCompile Include="RSDK\User\Steam\SteamStats.cpp">
      <Filter>Source Files\RSDK\User\Steam</Filter>
    </ClCompile>
    <ClCompile Include="RSDK\User\Dummy\DummyStorage.cpp">
      <Filter>Source Files\RSDK\User\Dummy</Filter>
    </ClCompile>
    <ClCompile Include="RSDK\User\Steam\SteamStorage.cpp">
      <Filter>Source Files\RSDK\User\Steam</Filter>
    </ClCompile>
    <ClCompile Include="RSDK\User\EOS\EOSAchievements.cpp">
      <Filter>Source Files\RSDK\User\EOS</Filter>
    </ClCompile>
    <ClCompile Include="RSDK\User\EOS\EOSCore.cpp">
      <Filter>Source Files\RSDK\User\EOS</Filter>
    </ClCompile>
    <ClCompile Include="RSDK\User\EOS\EOSLeaderboards.cpp">
      <Filter>Source Files\RSDK\User\EOS</Filter>
    </ClCompile>
    <ClCompile Include="RSDK\User\EOS\EOSPresence.cpp">
      <Filter>Source Files\RSDK\User\EOS</Filter>
    </ClCompile>
    <ClCompile Include="RSDK\User\EOS\EOSStats.cpp">
      <Filter>Source Files\RSDK\User\EOS</Filter>
    </ClCompile>
    <ClCompile Include="RSDK\User\EOS\EOSStorage.cpp">
      <Filter>Source Files\RSDK\User\EOS</Filter>
    </ClCompile>
    <ClCompile Include="RSDK\User\NX\NXAchievements.cpp">
      <Filter>Source Files\RSDK\User\NX</Filter>
    </ClCompile>
    <ClCompile Include="RSDK\User\NX\NXCore.cpp">
      <Filter>Source Files\RSDK\User\NX</Filter>
    </ClCompile>
    <ClCompile Include="RSDK\User\NX\NXLeaderboards.cpp">
      <Filter>Source Files\RSDK\User\NX</Filter>
    </ClCompile>
    <ClCompile Include="RSDK\User\NX\NXPresence.cpp">
      <Filter>Source Files\RSDK\User\NX</Filter>
    </ClCompile>
    <ClCompile Include="RSDK\User\NX\NXStats.cpp">
      <Filter>Source Files\RSDK\User\NX</Filter>
    </ClCompile>
    <ClCompile Include="RSDK\User\NX\NXStorage.cpp">
      <Filter>Source Files\RSDK\User\NX</Filter>
    </ClCompile>
    <ClCompile Include="RSDK\User\Core\UserAchievements.cpp">
      <Filter>Source Files\RSDK\User\Core</Filter>
    </ClCompile>
    <ClCompile Include="RSDK\User\Core\UserCore.cpp">
      <Filter>Source Files\RSDK\User\Core</Filter>
    </ClCompile>
    <ClCompile Include="RSDK\User\Core\UserLeaderboards.cpp">
      <Filter>Source Files\RSDK\User\Core</Filter>
    </ClCompile>
    <ClCompile Include="RSDK\User\Core\UserPresence.cpp">
      <Filter>Source Files\RSDK\User\Core</Filter>
    </ClCompile>
    <ClCompile Include="RSDK\User\Core\UserStats.cpp">
      <Filter>Source Files\RSDK\User\Core</Filter>
    </ClCompile>
    <ClCompile Include="RSDK\User\Core\UserStorage.cpp">
      <Filter>Source Files\RSDK\User\Core</Filter>
    </ClCompile>
    <ClCompile Include="RSDK\Audio\Audio.cpp">
      <Filter>Source Files\RSDK\Audio</Filter>
    </ClCompile>
    <ClCompile Include="RSDK\Core\Link.cpp">
      <Filter>Source Files\RSDK\Core</Filter>
    </ClCompile>
    <ClCompile Include="RSDK\Core\Math.cpp">
      <Filter>Source Files\RSDK\Core</Filter>
    </ClCompile>
    <ClCompile Include="RSDK\Core\ModAPI.cpp">
      <Filter>Source Files\RSDK\Core</Filter>
    </ClCompile>
    <ClCompile Include="RSDK\Core\Reader.cpp">
      <Filter>Source Files\RSDK\Core</Filter>
    </ClCompile>
    <ClCompile Include="RSDK\Core\RetroEngine.cpp">
      <Filter>Source Files\RSDK\Core</Filter>
    </ClCompile>
    <ClCompile Include="RSDK\Dev\Debug.cpp">
      <Filter>Source Files\RSDK\Dev</Filter>
    </ClCompile>
    <ClCompile Include="RSDK\Graphics\Animation.cpp">
      <Filter>Source Files\RSDK\Graphics</Filter>
    </ClCompile>
    <ClCompile Include="RSDK\Graphics\Drawing.cpp">
      <Filter>Source Files\RSDK\Graphics</Filter>
    </ClCompile>
    <ClCompile Include="RSDK\Graphics\Palette.cpp">
      <Filter>Source Files\RSDK\Graphics</Filter>
    </ClCompile>
    <ClCompile Include="RSDK\Graphics\Scene3D.cpp">
      <Filter>Source Files\RSDK\Graphics</Filter>
    </ClCompile>
    <ClCompile Include="RSDK\Graphics\Sprite.cpp">
      <Filter>Source Files\RSDK\Graphics</Filter>
    </ClCompile>
    <ClCompile Include="RSDK\Graphics\Video.cpp">
      <Filter>Source Files\RSDK\Graphics</Filter>
    </ClCompile>
    <ClCompile Include="RSDK\Input\Input.cpp">
      <Filter>Source Files\RSDK\Input</Filter>
    </ClCompile>
    <ClCompile Include="RSDK\Scene\Collision.cpp">
      <Filter>Source Files\RSDK\Scene</Filter>
    </ClCompile>
    <ClCompile Include="RSDK\Scene\Object.cpp">
      <Filter>Source Files\RSDK\Scene</Filter>
    </ClCompile>
    <ClCompile Include="RSDK\Scene\Scene.cpp">
      <Filter>Source Files\RSDK\Scene</Filter>
    </ClCompile>
    <ClCompile Include="RSDK\Scene\Objects\DefaultObject.cpp">
      <Filter>Source Files\RSDK\Scene\Objects</Filter>
    </ClCompile>
    <ClCompile Include="RSDK\Scene\Objects\DevOutput.cpp">
      <Filter>Source Files\RSDK\Scene\Objects</Filter>
    </ClCompile>
    <ClCompile Include="RSDK\Storage\Storage.cpp">
      <Filter>Source Files\RSDK\Storage</Filter>
    </ClCompile>
    <ClCompile Include="RSDK\Storage\Text.cpp">
      <Filter>Source Files\RSDK\Storage</Filter>
    </ClCompile>
    <ClCompile Include="RSDK\Graphics\SDL2\SDL2RenderDevice.cpp">
      <Filter>Source Files\RSDK\Graphics\SDL2</Filter>
    </ClCompile>
    <ClCompile Include="RSDK\Graphics\DX9\DX9RenderDevice.cpp">
      <Filter>Source Files\RSDK\Graphics\DX9</Filter>
    </ClCompile>
    <ClCompile Include="RSDK\Input\Keyboard\KBInputDevice.cpp">
      <Filter>Source Files\RSDK\Input\Keyboard</Filter>
    </ClCompile>
    <ClCompile Include="RSDK\Input\RawInput\RawInputDevice.cpp">
      <Filter>Source Files\RSDK\Input\RawInput</Filter>
    </ClCompile>
    <ClCompile Include="RSDK\Input\SDL2\SDL2InputDevice.cpp">
      <Filter>Source Files\RSDK\Input\SDL2</Filter>
    </ClCompile>
    <ClCompile Include="RSDK\Input\Steam\SteamInputDevice.cpp">
      <Filter>Source Files\RSDK\Input\Steam</Filter>
    </ClCompile>
    <ClCompile Include="RSDK\Input\XInput\XInputDevice.cpp">
      <Filter>Source Files\RSDK\Input\XInput</Filter>
    </ClCompile>
    <ClCompile Include="RSDK\Graphics\GL3\GL3RenderDevice.cpp">
      <Filter>Source Files\RSDK\Graphics\GL3</Filter>
    </ClCompile>
    <ClCompile Include="RSDK\Input\GLFW\GLFWInputDevice.cpp">
      <Filter>Source Files\RSDK\Input\GLFW</Filter>
    </ClCompile>
    <ClCompile Include="RSDK\Audio\XAudio\XAudioDevice.cpp">
      <Filter>Source Files\RSDK\Audio\XAudio</Filter>
    </ClCompile>
    <ClCompile Include="RSDK\Audio\SDL2\SDL2AudioDevice.cpp">
      <Filter>Source Files\RSDK\Audio\SDL2</Filter>
    </ClCompile>
    <ClCompile Include="..\dependencies\all\stb_vorbis\stb_vorbis.c">
      <Filter>Source Files\Dependencies\stb_vorbis</Filter>
    </ClCompile>
    <ClCompile Include="..\dependencies\all\miniz\miniz.c">
      <Filter>Source Files\Dependencies\miniz</Filter>
    </ClCompile>
    <ClCompile Include="RSDK\Input\NX\NXInputDevice.cpp">
      <Filter>Source Files\RSDK\Input\NX</Filter>
    </ClCompile>
    <ClCompile Include="..\dependencies\all\iniparser\dictionary.cpp">
      <Filter>Source Files\Dependencies\iniparser</Filter>
    </ClCompile>
    <ClCompile Include="..\dependencies\all\iniparser\iniparser.cpp">
      <Filter>Source Files\Dependencies\iniparser</Filter>
    </ClCompile>
  </ItemGroup>
  <ItemGroup>
    <ClInclude Include="..\dependencies\all\tinyxml2\tinyxml2.h">
      <Filter>Source Files\Dependencies\tinyxml2</Filter>
    </ClInclude>
    <ClInclude Include="resource.h">
      <Filter>Source Files\RSDK</Filter>
    </ClInclude>
    <ClInclude Include="RSDK\User\Dummy\DummyAchievements.hpp">
      <Filter>Source Files\RSDK\User\Dummy</Filter>
    </ClInclude>
    <ClInclude Include="RSDK\User\Dummy\DummyCore.hpp">
      <Filter>Source Files\RSDK\User\Dummy</Filter>
    </ClInclude>
    <ClInclude Include="RSDK\User\Dummy\DummyLeaderboards.hpp">
      <Filter>Source Files\RSDK\User\Dummy</Filter>
    </ClInclude>
    <ClInclude Include="RSDK\User\Dummy\DummyPresence.hpp">
      <Filter>Source Files\RSDK\User\Dummy</Filter>
    </ClInclude>
    <ClInclude Include="RSDK\User\Dummy\DummyStats.hpp">
      <Filter>Source Files\RSDK\User\Dummy</Filter>
    </ClInclude>
    <ClInclude Include="RSDK\User\Steam\SteamAchievements.hpp">
      <Filter>Source Files\RSDK\User\Steam</Filter>
    </ClInclude>
    <ClInclude Include="RSDK\User\Steam\SteamCore.hpp">
      <Filter>Source Files\RSDK\User\Steam</Filter>
    </ClInclude>
    <ClInclude Include="RSDK\User\Steam\SteamLeaderboards.hpp">
      <Filter>Source Files\RSDK\User\Steam</Filter>
    </ClInclude>
    <ClInclude Include="RSDK\User\Steam\SteamPresence.hpp">
      <Filter>Source Files\RSDK\User\Steam</Filter>
    </ClInclude>
    <ClInclude Include="RSDK\User\Steam\SteamStats.hpp">
      <Filter>Source Files\RSDK\User\Steam</Filter>
    </ClInclude>
    <ClInclude Include="RSDK\User\Dummy\DummyStorage.hpp">
      <Filter>Source Files\RSDK\User\Dummy</Filter>
    </ClInclude>
    <ClInclude Include="RSDK\User\Steam\SteamStorage.hpp">
      <Filter>Source Files\RSDK\User\Steam</Filter>
    </ClInclude>
    <ClInclude Include="RSDK\User\EOS\EOSAchievements.hpp">
      <Filter>Source Files\RSDK\User\EOS</Filter>
    </ClInclude>
    <ClInclude Include="RSDK\User\EOS\EOSCore.hpp">
      <Filter>Source Files\RSDK\User\EOS</Filter>
    </ClInclude>
    <ClInclude Include="RSDK\User\EOS\EOSLeaderboards.hpp">
      <Filter>Source Files\RSDK\User\EOS</Filter>
    </ClInclude>
    <ClInclude Include="RSDK\User\EOS\EOSPresence.hpp">
      <Filter>Source Files\RSDK\User\EOS</Filter>
    </ClInclude>
    <ClInclude Include="RSDK\User\EOS\EOSStats.hpp">
      <Filter>Source Files\RSDK\User\EOS</Filter>
    </ClInclude>
    <ClInclude Include="RSDK\User\EOS\EOSStorage.hpp">
      <Filter>Source Files\RSDK\User\EOS</Filter>
    </ClInclude>
    <ClInclude Include="RSDK\User\NX\NXAchievements.hpp">
      <Filter>Source Files\RSDK\User\NX</Filter>
    </ClInclude>
    <ClInclude Include="RSDK\User\NX\NXCore.hpp">
      <Filter>Source Files\RSDK\User\NX</Filter>
    </ClInclude>
    <ClInclude Include="RSDK\User\NX\NXLeaderboards.hpp">
      <Filter>Source Files\RSDK\User\NX</Filter>
    </ClInclude>
    <ClInclude Include="RSDK\User\NX\NXPresence.hpp">
      <Filter>Source Files\RSDK\User\NX</Filter>
    </ClInclude>
    <ClInclude Include="RSDK\User\NX\NXStats.hpp">
      <Filter>Source Files\RSDK\User\NX</Filter>
    </ClInclude>
    <ClInclude Include="RSDK\User\NX\NXStorage.hpp">
      <Filter>Source Files\RSDK\User\NX</Filter>
    </ClInclude>
    <ClInclude Include="RSDK\User\Core\UserAchievements.hpp">
      <Filter>Source Files\RSDK\User\Core</Filter>
    </ClInclude>
    <ClInclude Include="RSDK\User\Core\UserCore.hpp">
      <Filter>Source Files\RSDK\User\Core</Filter>
    </ClInclude>
    <ClInclude Include="RSDK\User\Core\UserLeaderboards.hpp">
      <Filter>Source Files\RSDK\User\Core</Filter>
    </ClInclude>
    <ClInclude Include="RSDK\User\Core\UserPresence.hpp">
      <Filter>Source Files\RSDK\User\Core</Filter>
    </ClInclude>
    <ClInclude Include="RSDK\User\Core\UserStats.hpp">
      <Filter>Source Files\RSDK\User\Core</Filter>
    </ClInclude>
    <ClInclude Include="RSDK\User\Core\UserStorage.hpp">
      <Filter>Source Files\RSDK\User\Core</Filter>
    </ClInclude>
    <ClInclude Include="RSDK\Audio\Audio.hpp">
      <Filter>Source Files\RSDK\Audio</Filter>
    </ClInclude>
    <ClInclude Include="RSDK\Core\Link.hpp">
      <Filter>Source Files\RSDK\Core</Filter>
    </ClInclude>
    <ClInclude Include="RSDK\Core\Math.hpp">
      <Filter>Source Files\RSDK\Core</Filter>
    </ClInclude>
    <ClInclude Include="RSDK\Core\ModAPI.hpp">
      <Filter>Source Files\RSDK\Core</Filter>
    </ClInclude>
    <ClInclude Include="RSDK\Core\Reader.hpp">
      <Filter>Source Files\RSDK\Core</Filter>
    </ClInclude>
    <ClInclude Include="RSDK\Core\RetroEngine.hpp">
      <Filter>Source Files\RSDK\Core</Filter>
    </ClInclude>
    <ClInclude Include="RSDK\Dev\Debug.hpp">
      <Filter>Source Files\RSDK\Dev</Filter>
    </ClInclude>
    <ClInclude Include="RSDK\Dev\DevFont.hpp">
      <Filter>Source Files\RSDK\Dev</Filter>
    </ClInclude>
    <ClInclude Include="RSDK\Graphics\Animation.hpp">
      <Filter>Source Files\RSDK\Graphics</Filter>
    </ClInclude>
    <ClInclude Include="RSDK\Graphics\Drawing.hpp">
      <Filter>Source Files\RSDK\Graphics</Filter>
    </ClInclude>
    <ClInclude Include="RSDK\Graphics\Palette.hpp">
      <Filter>Source Files\RSDK\Graphics</Filter>
    </ClInclude>
    <ClInclude Include="RSDK\Graphics\Scene3D.hpp">
      <Filter>Source Files\RSDK\Graphics</Filter>
    </ClInclude>
    <ClInclude Include="RSDK\Graphics\Sprite.hpp">
      <Filter>Source Files\RSDK\Graphics</Filter>
    </ClInclude>
    <ClInclude Include="RSDK\Graphics\Video.hpp">
      <Filter>Source Files\RSDK\Graphics</Filter>
    </ClInclude>
    <ClInclude Include="RSDK\Input\Input.hpp">
      <Filter>Source Files\RSDK\Input</Filter>
    </ClInclude>
    <ClInclude Include="RSDK\Scene\Collision.hpp">
      <Filter>Source Files\RSDK\Scene</Filter>
    </ClInclude>
    <ClInclude Include="RSDK\Scene\Object.hpp">
      <Filter>Source Files\RSDK\Scene</Filter>
    </ClInclude>
    <ClInclude Include="RSDK\Scene\Scene.hpp">
      <Filter>Source Files\RSDK\Scene</Filter>
    </ClInclude>
    <ClInclude Include="RSDK\Scene\Objects\DefaultObject.hpp">
      <Filter>Source Files\RSDK\Scene\Objects</Filter>
    </ClInclude>
    <ClInclude Include="RSDK\Scene\Objects\DevOutput.hpp">
      <Filter>Source Files\RSDK\Scene\Objects</Filter>
    </ClInclude>
    <ClInclude Include="RSDK\Storage\Storage.hpp">
      <Filter>Source Files\RSDK\Storage</Filter>
    </ClInclude>
    <ClInclude Include="RSDK\Storage\Text.hpp">
      <Filter>Source Files\RSDK\Storage</Filter>
    </ClInclude>
    <ClInclude Include="main.hpp">
      <Filter>Source Files\RSDK</Filter>
    </ClInclude>
    <ClInclude Include="RSDK\Graphics\SDL2\SDL2RenderDevice.hpp">
      <Filter>Source Files\RSDK\Graphics\SDL2</Filter>
    </ClInclude>
    <ClInclude Include="RSDK\Graphics\DX9\DX9RenderDevice.hpp">
      <Filter>Source Files\RSDK\Graphics\DX9</Filter>
    </ClInclude>
    <ClInclude Include="RSDK\Input\Keyboard\KBInputDevice.hpp">
      <Filter>Source Files\RSDK\Input\Keyboard</Filter>
    </ClInclude>
    <ClInclude Include="RSDK\Input\RawInput\RawInputDevice.hpp">
      <Filter>Source Files\RSDK\Input\RawInput</Filter>
    </ClInclude>
    <ClInclude Include="RSDK\Input\SDL2\SDL2InputDevice.hpp">
      <Filter>Source Files\RSDK\Input\SDL2</Filter>
    </ClInclude>
    <ClInclude Include="RSDK\Input\Steam\SteamInputDevice.hpp">
      <Filter>Source Files\RSDK\Input\Steam</Filter>
    </ClInclude>
    <ClInclude Include="RSDK\Input\XInput\XInputDevice.hpp">
      <Filter>Source Files\RSDK\Input\XInput</Filter>
    </ClInclude>
    <ClInclude Include="RSDK\Graphics\GL3\GL3RenderDevice.hpp">
      <Filter>Source Files\RSDK\Graphics\GL3</Filter>
    </ClInclude>
    <ClInclude Include="RSDK\Input\GLFW\GLFWInputDevice.hpp">
      <Filter>Source Files\RSDK\Input\GLFW</Filter>
    </ClInclude>
    <ClInclude Include="RSDK\Audio\XAudio\XAudioDevice.hpp">
      <Filter>Source Files\RSDK\Audio\XAudio</Filter>
    </ClInclude>
    <ClInclude Include="RSDK\Audio\SDL2\SDL2AudioDevice.hpp">
      <Filter>Source Files\RSDK\Audio\SDL2</Filter>
    </ClInclude>
    <ClInclude Include="..\dependencies\all\miniz\miniz.h">
      <Filter>Source Files\Dependencies\miniz</Filter>
    </ClInclude>
    <ClInclude Include="RSDK\Input\NX\NXInputDevice.hpp">
      <Filter>Source Files\RSDK\Input\NX</Filter>
    </ClInclude>
    <ClInclude Include="..\dependencies\all\iniparser\dictionary.h">
      <Filter>Source Files\Dependencies\iniparser</Filter>
    </ClInclude>
    <ClInclude Include="..\dependencies\all\iniparser\iniparser.h">
      <Filter>Source Files\Dependencies\iniparser</Filter>
    </ClInclude>
  </ItemGroup>
  <ItemGroup>
    <ResourceCompile Include="RSDKv5.rc">
      <Filter>Resource Files</Filter>
    </ResourceCompile>
  </ItemGroup>
  <ItemGroup>
    <Image Include="..\dependencies\windows\RSDKv5 Decomp Icon.ico">
      <Filter>Resource Files</Filter>
    </Image>
  </ItemGroup>
</Project>