<?xml version="1.0" encoding="utf-8"?>
<Project ToolsVersion="4.0" xmlns="http://schemas.microsoft.com/developer/msbuild/2003">
  <ItemGroup>
    <Filter Include="Source Files">
      <UniqueIdentifier>{4FC737F1-C7A5-4376-A066-2A32D752A2FF}</UniqueIdentifier>
      <Extensions>cpp;c;cc;cxx;def;odl;idl;hpj;bat;asm;asmx</Extensions>
    </Filter>
    <Filter Include="Resource Files">
      <UniqueIdentifier>{67DA6AB6-F800-4c08-8B7A-83BB121AAD01}</UniqueIdentifier>
      <Extensions>rc;ico;cur;bmp;dlg;rc2;rct;bin;rgs;gif;jpg;jpeg;jpe;resx;tiff;tif;png;wav;mfcribbon-ms</Extensions>
    </Filter>
    <Filter Include="Source Files\zlib">
      <UniqueIdentifier>{8bdc9495-2674-40a5-9d14-44702f102d70}</UniqueIdentifier>
    </Filter>
    <Filter Include="Source Files\iniparser">
      <UniqueIdentifier>{8d8ef52b-d925-47a1-8bdf-a58a979f0a8a}</UniqueIdentifier>
    </Filter>
    <Filter Include="Source Files\theoraPlay">
      <UniqueIdentifier>{9154ae5d-c054-49e0-acc5-0fc37b61472c}</UniqueIdentifier>
    </Filter>
    <Filter Include="Source Files\Objects">
      <UniqueIdentifier>{b9894090-5a9a-4ac6-9ad3-1848676f8cfd}</UniqueIdentifier>
    </Filter>
  </ItemGroup>
  <ItemGroup>
    <ClCompile Include="main.cpp">
      <Filter>Source Files</Filter>
    </ClCompile>
    <ClCompile Include="Animation.cpp">
      <Filter>Source Files</Filter>
    </ClCompile>
    <ClCompile Include="Audio.cpp">
      <Filter>Source Files</Filter>
    </ClCompile>
    <ClCompile Include="Collision.cpp">
      <Filter>Source Files</Filter>
    </ClCompile>
    <ClCompile Include="Debug.cpp">
      <Filter>Source Files</Filter>
    </ClCompile>
    <ClCompile Include="Drawing.cpp">
      <Filter>Source Files</Filter>
    </ClCompile>
    <ClCompile Include="Input.cpp">
      <Filter>Source Files</Filter>
    </ClCompile>
    <ClCompile Include="Link.cpp">
      <Filter>Source Files</Filter>
    </ClCompile>
    <ClCompile Include="Math.cpp">
      <Filter>Source Files</Filter>
    </ClCompile>
    <ClCompile Include="Object.cpp">
      <Filter>Source Files</Filter>
    </ClCompile>
    <ClCompile Include="Palette.cpp">
      <Filter>Source Files</Filter>
    </ClCompile>
    <ClCompile Include="Reader.cpp">
      <Filter>Source Files</Filter>
    </ClCompile>
    <ClCompile Include="RetroEngine.cpp">
      <Filter>Source Files</Filter>
    </ClCompile>
    <ClCompile Include="Scene.cpp">
      <Filter>Source Files</Filter>
    </ClCompile>
    <ClCompile Include="Scene3D.cpp">
      <Filter>Source Files</Filter>
    </ClCompile>
    <ClCompile Include="Shader.cpp">
      <Filter>Source Files</Filter>
    </ClCompile>
    <ClCompile Include="Sprite.cpp">
      <Filter>Source Files</Filter>
    </ClCompile>
    <ClCompile Include="Text.cpp">
      <Filter>Source Files</Filter>
    </ClCompile>
    <ClCompile Include="Userdata.cpp">
      <Filter>Source Files</Filter>
    </ClCompile>
    <ClCompile Include="Storage.cpp">
      <Filter>Source Files</Filter>
    </ClCompile>
    <ClCompile Include="..\dependencies\all\zlib\adler32.c">
      <Filter>Source Files\zlib</Filter>
    </ClCompile>
    <ClCompile Include="..\dependencies\all\zlib\compress.c">
      <Filter>Source Files\zlib</Filter>
    </ClCompile>
    <ClCompile Include="..\dependencies\all\zlib\crc32.c">
      <Filter>Source Files\zlib</Filter>
    </ClCompile>
    <ClCompile Include="..\dependencies\all\zlib\deflate.c">
      <Filter>Source Files\zlib</Filter>
    </ClCompile>
    <ClCompile Include="..\dependencies\all\zlib\gzclose.c">
      <Filter>Source Files\zlib</Filter>
    </ClCompile>
    <ClCompile Include="..\dependencies\all\zlib\gzlib.c">
      <Filter>Source Files\zlib</Filter>
    </ClCompile>
    <ClCompile Include="..\dependencies\all\zlib\gzread.c">
      <Filter>Source Files\zlib</Filter>
    </ClCompile>
    <ClCompile Include="..\dependencies\all\zlib\gzwrite.c">
      <Filter>Source Files\zlib</Filter>
    </ClCompile>
    <ClCompile Include="..\dependencies\all\zlib\infback.c">
      <Filter>Source Files\zlib</Filter>
    </ClCompile>
    <ClCompile Include="..\dependencies\all\zlib\inffast.c">
      <Filter>Source Files\zlib</Filter>
    </ClCompile>
    <ClCompile Include="..\dependencies\all\zlib\inflate.c">
      <Filter>Source Files\zlib</Filter>
    </ClCompile>
    <ClCompile Include="..\dependencies\all\zlib\inftrees.c">
      <Filter>Source Files\zlib</Filter>
    </ClCompile>
    <ClCompile Include="..\dependencies\all\zlib\trees.c">
      <Filter>Source Files\zlib</Filter>
    </ClCompile>
    <ClCompile Include="..\dependencies\all\zlib\uncompr.c">
      <Filter>Source Files\zlib</Filter>
    </ClCompile>
    <ClCompile Include="..\dependencies\all\zlib\zutil.c">
      <Filter>Source Files\zlib</Filter>
    </ClCompile>
    <ClCompile Include="..\dependencies\all\iniparser\dictionary.cpp">
      <Filter>Source Files\iniparser</Filter>
    </ClCompile>
    <ClCompile Include="..\dependencies\all\iniparser\iniparser.cpp">
      <Filter>Source Files\iniparser</Filter>
    </ClCompile>
    <ClCompile Include="TestObject.cpp">
      <Filter>Source Files</Filter>
    </ClCompile>
    <ClCompile Include="Video.cpp">
      <Filter>Source Files</Filter>
    </ClCompile>
    <ClCompile Include="..\dependencies\all\theoraplay\theoraplay.c">
      <Filter>Source Files\theoraPlay</Filter>
    </ClCompile>
    <ClCompile Include="DevOutput.cpp">
      <Filter>Source Files\Objects</Filter>
    </ClCompile>
    <ClCompile Include="DefaultObject.cpp">
      <Filter>Source Files\Objects</Filter>
    </ClCompile>
  </ItemGroup>
  <ItemGroup>
    <ClInclude Include="Animation.hpp">
      <Filter>Source Files</Filter>
    </ClInclude>
    <ClInclude Include="Audio.hpp">
      <Filter>Source Files</Filter>
    </ClInclude>
    <ClInclude Include="Collision.hpp">
      <Filter>Source Files</Filter>
    </ClInclude>
    <ClInclude Include="Debug.hpp">
      <Filter>Source Files</Filter>
    </ClInclude>
    <ClInclude Include="Drawing.hpp">
      <Filter>Source Files</Filter>
    </ClInclude>
    <ClInclude Include="Input.hpp">
      <Filter>Source Files</Filter>
    </ClInclude>
    <ClInclude Include="Link.hpp">
      <Filter>Source Files</Filter>
    </ClInclude>
    <ClInclude Include="Math.hpp">
      <Filter>Source Files</Filter>
    </ClInclude>
    <ClInclude Include="Object.hpp">
      <Filter>Source Files</Filter>
    </ClInclude>
    <ClInclude Include="Palette.hpp">
      <Filter>Source Files</Filter>
    </ClInclude>
    <ClInclude Include="Reader.hpp">
      <Filter>Source Files</Filter>
    </ClInclude>
    <ClInclude Include="RetroEngine.hpp">
      <Filter>Source Files</Filter>
    </ClInclude>
    <ClInclude Include="Scene.hpp">
      <Filter>Source Files</Filter>
    </ClInclude>
    <ClInclude Include="Scene3D.hpp">
      <Filter>Source Files</Filter>
    </ClInclude>
    <ClInclude Include="Shader.hpp">
      <Filter>Source Files</Filter>
    </ClInclude>
    <ClInclude Include="Sprite.hpp">
      <Filter>Source Files</Filter>
    </ClInclude>
    <ClInclude Include="Text.hpp">
      <Filter>Source Files</Filter>
    </ClInclude>
    <ClInclude Include="Userdata.hpp">
      <Filter>Source Files</Filter>
    </ClInclude>
    <ClInclude Include="Storage.hpp">
      <Filter>Source Files</Filter>
    </ClInclude>
    <ClInclude Include="..\dependencies\all\zlib\crc32.h">
      <Filter>Source Files\zlib</Filter>
    </ClInclude>
    <ClInclude Include="..\dependencies\all\zlib\deflate.h">
      <Filter>Source Files\zlib</Filter>
    </ClInclude>
    <ClInclude Include="..\dependencies\all\zlib\gzguts.h">
      <Filter>Source Files\zlib</Filter>
    </ClInclude>
    <ClInclude Include="..\dependencies\all\zlib\inffast.h">
      <Filter>Source Files\zlib</Filter>
    </ClInclude>
    <ClInclude Include="..\dependencies\all\zlib\inffixed.h">
      <Filter>Source Files\zlib</Filter>
    </ClInclude>
    <ClInclude Include="..\dependencies\all\zlib\inflate.h">
      <Filter>Source Files\zlib</Filter>
    </ClInclude>
    <ClInclude Include="..\dependencies\all\zlib\inftrees.h">
      <Filter>Source Files\zlib</Filter>
    </ClInclude>
    <ClInclude Include="..\dependencies\all\zlib\trees.h">
      <Filter>Source Files\zlib</Filter>
    </ClInclude>
    <ClInclude Include="..\dependencies\all\zlib\zconf.h">
      <Filter>Source Files\zlib</Filter>
    </ClInclude>
    <ClInclude Include="..\dependencies\all\zlib\zlib.h">
      <Filter>Source Files\zlib</Filter>
    </ClInclude>
    <ClInclude Include="..\dependencies\all\zlib\zutil.h">
      <Filter>Source Files\zlib</Filter>
    </ClInclude>
    <ClInclude Include="DevFont.hpp">
      <Filter>Source Files</Filter>
    </ClInclude>
    <ClInclude Include="..\dependencies\all\iniparser\dictionary.h">
      <Filter>Source Files\iniparser</Filter>
    </ClInclude>
    <ClInclude Include="..\dependencies\all\iniparser\iniparser.h">
      <Filter>Source Files\iniparser</Filter>
    </ClInclude>
    <ClInclude Include="unistd.h">
      <Filter>Source Files\iniparser</Filter>
    </ClInclude>
    <ClInclude Include="resource.h">
      <Filter>Source Files</Filter>
    </ClInclude>
    <ClInclude Include="TestObject.hpp">
      <Filter>Source Files</Filter>
    </ClInclude>
    <ClInclude Include="Video.hpp">
      <Filter>Source Files</Filter>
    </ClInclude>
    <ClInclude Include="..\dependencies\all\theoraplay\theoraplay.h">
      <Filter>Source Files\theoraPlay</Filter>
    </ClInclude>
    <ClInclude Include="..\dependencies\all\theoraplay\theoraplay_cvtrgb.h">
      <Filter>Source Files\theoraPlay</Filter>
    </ClInclude>
    <ClInclude Include="DevOutput.hpp">
      <Filter>Source Files\Objects</Filter>
    </ClInclude>
    <ClInclude Include="DefaultObject.hpp">
      <Filter>Source Files\Objects</Filter>
    </ClInclude>
  </ItemGroup>
  <ItemGroup>
    <ResourceCompile Include="RSDKv5.rc">
      <Filter>Resource Files</Filter>
    </ResourceCompile>
  </ItemGroup>
  <ItemGroup>
    <Image Include="..\dependencies\windows\RSDKv5 Decomp Icon.ico">
      <Filter>Resource Files</Filter>
    </Image>
  </ItemGroup>
</Project>