// !$*UTF8*$!
{
	archiveVersion = 1;
	classes = {
	};
	objectVersion = 50;
	objects = {

/* Begin PBXBuildFile section */
		C92834EA2631150A00D51CCE /* Ogg.framework in Frameworks */ = {isa = PBXBuildFile; fileRef = C92834E92631150A00D51CCE /* Ogg.framework */; };
		C92834EB2631150A00D51CCE /* Ogg.framework in Embed Frameworks */ = {isa = PBXBuildFile; fileRef = C92834E92631150A00D51CCE /* Ogg.framework */; settings = {ATTRIBUTES = (CodeSignOnCopy, RemoveHeadersOnCopy, ); }; };
		C928353D26A3F28200D51CCE /* cocoaHelpers.mm in Sources */ = {isa = PBXBuildFile; fileRef = C928353C26A3F28200D51CCE /* cocoaHelpers.mm */; };
		C9555DAE2744FE06006E1353 /* tinyxml2.cpp in Sources */ = {isa = PBXBuildFile; fileRef = C9555DAD2744FE06006E1353 /* tinyxml2.cpp */; };
		C965667626BCF1E80076832A /* Theora.framework in Frameworks */ = {isa = PBXBuildFile; fileRef = C965667526BCF1E80076832A /* Theora.framework */; };
		C965667726BCF1E80076832A /* Theora.framework in Embed Frameworks */ = {isa = PBXBuildFile; fileRef = C965667526BCF1E80076832A /* Theora.framework */; settings = {ATTRIBUTES = (CodeSignOnCopy, RemoveHeadersOnCopy, ); }; };
		C96881FA25DF3C8B00BEE4B8 /* Info.plist in Resources */ = {isa = PBXBuildFile; fileRef = C96881F925DF3C8A00BEE4B8 /* Info.plist */; };
		C968886525DF3EF300BEE4B8 /* SDL2.framework in Frameworks */ = {isa = PBXBuildFile; fileRef = C968886425DF3EF300BEE4B8 /* SDL2.framework */; };
		C968886625DF3EF300BEE4B8 /* SDL2.framework in Embed Frameworks */ = {isa = PBXBuildFile; fileRef = C968886425DF3EF300BEE4B8 /* SDL2.framework */; settings = {ATTRIBUTES = (CodeSignOnCopy, RemoveHeadersOnCopy, ); }; };
		C968886E25DF3F4C00BEE4B8 /* dictionary.cpp in Sources */ = {isa = PBXBuildFile; fileRef = C968886A25DF3F4B00BEE4B8 /* dictionary.cpp */; };
		C968886F25DF3F4C00BEE4B8 /* iniparser.cpp in Sources */ = {isa = PBXBuildFile; fileRef = C968886D25DF3F4C00BEE4B8 /* iniparser.cpp */; };
		C9CDC73027F9165F00E4C97E /* main.cpp in Sources */ = {isa = PBXBuildFile; fileRef = C9CDC72F27F9165F00E4C97E /* main.cpp */; };
		C9CDC73C27F9197C00E4C97E /* Audio.cpp in Sources */ = {isa = PBXBuildFile; fileRef = C9CDC73A27F9197B00E4C97E /* Audio.cpp */; };
		C9CDC74727F9198800E4C97E /* Math.cpp in Sources */ = {isa = PBXBuildFile; fileRef = C9CDC74127F9198700E4C97E /* Math.cpp */; };
		C9CDC74827F9198800E4C97E /* Link.cpp in Sources */ = {isa = PBXBuildFile; fileRef = C9CDC74227F9198700E4C97E /* Link.cpp */; };
		C9CDC74927F9198800E4C97E /* ModAPI.cpp in Sources */ = {isa = PBXBuildFile; fileRef = C9CDC74327F9198700E4C97E /* ModAPI.cpp */; };
		C9CDC74A27F9198800E4C97E /* Reader.cpp in Sources */ = {isa = PBXBuildFile; fileRef = C9CDC74427F9198800E4C97E /* Reader.cpp */; };
		C9CDC74B27F9198800E4C97E /* RetroEngine.cpp in Sources */ = {isa = PBXBuildFile; fileRef = C9CDC74527F9198800E4C97E /* RetroEngine.cpp */; };
		C9CDC74F27F9199300E4C97E /* Debug.cpp in Sources */ = {isa = PBXBuildFile; fileRef = C9CDC74E27F9199300E4C97E /* Debug.cpp */; };
		C9CDC75E27F9199D00E4C97E /* Sprite.cpp in Sources */ = {isa = PBXBuildFile; fileRef = C9CDC75027F9199C00E4C97E /* Sprite.cpp */; };
		C9CDC75F27F9199D00E4C97E /* Drawing.cpp in Sources */ = {isa = PBXBuildFile; fileRef = C9CDC75227F9199C00E4C97E /* Drawing.cpp */; };
		C9CDC76127F9199D00E4C97E /* Scene3D.cpp in Sources */ = {isa = PBXBuildFile; fileRef = C9CDC75527F9199C00E4C97E /* Scene3D.cpp */; };
		C9CDC76227F9199D00E4C97E /* Video.cpp in Sources */ = {isa = PBXBuildFile; fileRef = C9CDC75627F9199C00E4C97E /* Video.cpp */; };
		C9CDC76327F9199D00E4C97E /* Palette.cpp in Sources */ = {isa = PBXBuildFile; fileRef = C9CDC75C27F9199D00E4C97E /* Palette.cpp */; };
		C9CDC76427F9199D00E4C97E /* Animation.cpp in Sources */ = {isa = PBXBuildFile; fileRef = C9CDC75D27F9199D00E4C97E /* Animation.cpp */; };
		C9CDC76727F919A900E4C97E /* Input.cpp in Sources */ = {isa = PBXBuildFile; fileRef = C9CDC76627F919A900E4C97E /* Input.cpp */; };
		C9CDC76E27F919B800E4C97E /* Object.cpp in Sources */ = {isa = PBXBuildFile; fileRef = C9CDC76927F919B800E4C97E /* Object.cpp */; };
		C9CDC76F27F919B800E4C97E /* Scene.cpp in Sources */ = {isa = PBXBuildFile; fileRef = C9CDC76B27F919B800E4C97E /* Scene.cpp */; };
		C9CDC77027F919B800E4C97E /* Collision.cpp in Sources */ = {isa = PBXBuildFile; fileRef = C9CDC76C27F919B800E4C97E /* Collision.cpp */; };
		C9CDC77527F919C200E4C97E /* Storage.cpp in Sources */ = {isa = PBXBuildFile; fileRef = C9CDC77127F919C100E4C97E /* Storage.cpp */; };
		C9CDC77627F919C200E4C97E /* Text.cpp in Sources */ = {isa = PBXBuildFile; fileRef = C9CDC77427F919C200E4C97E /* Text.cpp */; };
		C9CDC78827F919FB00E4C97E /* UserAchievements.cpp in Sources */ = {isa = PBXBuildFile; fileRef = C9CDC77D27F919FA00E4C97E /* UserAchievements.cpp */; };
		C9CDC78927F919FB00E4C97E /* UserLeaderboards.cpp in Sources */ = {isa = PBXBuildFile; fileRef = C9CDC77E27F919FB00E4C97E /* UserLeaderboards.cpp */; };
		C9CDC78A27F919FB00E4C97E /* UserStats.cpp in Sources */ = {isa = PBXBuildFile; fileRef = C9CDC77F27F919FB00E4C97E /* UserStats.cpp */; };
		C9CDC78B27F919FB00E4C97E /* UserStorage.cpp in Sources */ = {isa = PBXBuildFile; fileRef = C9CDC78127F919FB00E4C97E /* UserStorage.cpp */; };
		C9CDC78C27F919FB00E4C97E /* UserCore.cpp in Sources */ = {isa = PBXBuildFile; fileRef = C9CDC78227F919FB00E4C97E /* UserCore.cpp */; };
		C9CDC78D27F919FB00E4C97E /* UserPresence.cpp in Sources */ = {isa = PBXBuildFile; fileRef = C9CDC78527F919FB00E4C97E /* UserPresence.cpp */; };
		C9CDC79A27F91A0A00E4C97E /* DummyAchievements.cpp in Sources */ = {isa = PBXBuildFile; fileRef = C9CDC79027F91A0900E4C97E /* DummyAchievements.cpp */; };
		C9CDC79B27F91A0A00E4C97E /* DummyLeaderboards.cpp in Sources */ = {isa = PBXBuildFile; fileRef = C9CDC79127F91A0900E4C97E /* DummyLeaderboards.cpp */; };
		C9CDC79C27F91A0A00E4C97E /* DummyCore.cpp in Sources */ = {isa = PBXBuildFile; fileRef = C9CDC79227F91A0900E4C97E /* DummyCore.cpp */; };
		C9CDC79D27F91A0A00E4C97E /* DummyPresence.cpp in Sources */ = {isa = PBXBuildFile; fileRef = C9CDC79327F91A0900E4C97E /* DummyPresence.cpp */; };
		C9CDC79E27F91A0A00E4C97E /* DummyStats.cpp in Sources */ = {isa = PBXBuildFile; fileRef = C9CDC79427F91A0900E4C97E /* DummyStats.cpp */; };
		C9CDC79F27F91A0A00E4C97E /* DummyStorage.cpp in Sources */ = {isa = PBXBuildFile; fileRef = C9CDC79527F91A0900E4C97E /* DummyStorage.cpp */; };
		C9CDC7AC27F91A1700E4C97E /* EOSAchievements.cpp in Sources */ = {isa = PBXBuildFile; fileRef = C9CDC7A127F91A1600E4C97E /* EOSAchievements.cpp */; };
		C9CDC7AD27F91A1700E4C97E /* EOSLeaderboards.cpp in Sources */ = {isa = PBXBuildFile; fileRef = C9CDC7A327F91A1600E4C97E /* EOSLeaderboards.cpp */; };
		C9CDC7AE27F91A1700E4C97E /* EOSStorage.cpp in Sources */ = {isa = PBXBuildFile; fileRef = C9CDC7A627F91A1700E4C97E /* EOSStorage.cpp */; };
		C9CDC7AF27F91A1700E4C97E /* EOSStats.cpp in Sources */ = {isa = PBXBuildFile; fileRef = C9CDC7A827F91A1700E4C97E /* EOSStats.cpp */; };
		C9CDC7B027F91A1700E4C97E /* EOSCore.cpp in Sources */ = {isa = PBXBuildFile; fileRef = C9CDC7A927F91A1700E4C97E /* EOSCore.cpp */; };
		C9CDC7B127F91A1700E4C97E /* EOSPresence.cpp in Sources */ = {isa = PBXBuildFile; fileRef = C9CDC7AB27F91A1700E4C97E /* EOSPresence.cpp */; };
		C9CDC7BE27F91A2300E4C97E /* NXStorage.cpp in Sources */ = {isa = PBXBuildFile; fileRef = C9CDC7B227F91A2200E4C97E /* NXStorage.cpp */; };
		C9CDC7BF27F91A2300E4C97E /* NXAchievements.cpp in Sources */ = {isa = PBXBuildFile; fileRef = C9CDC7B527F91A2200E4C97E /* NXAchievements.cpp */; };
		C9CDC7C027F91A2300E4C97E /* NXCore.cpp in Sources */ = {isa = PBXBuildFile; fileRef = C9CDC7B827F91A2200E4C97E /* NXCore.cpp */; };
		C9CDC7C127F91A2300E4C97E /* NXLeaderboards.cpp in Sources */ = {isa = PBXBuildFile; fileRef = C9CDC7B927F91A2200E4C97E /* NXLeaderboards.cpp */; };
		C9CDC7C227F91A2300E4C97E /* NXPresence.cpp in Sources */ = {isa = PBXBuildFile; fileRef = C9CDC7BA27F91A2300E4C97E /* NXPresence.cpp */; };
		C9CDC7C327F91A2300E4C97E /* NXStats.cpp in Sources */ = {isa = PBXBuildFile; fileRef = C9CDC7BC27F91A2300E4C97E /* NXStats.cpp */; };
		C9CDC7D027F91A2F00E4C97E /* SteamCore.cpp in Sources */ = {isa = PBXBuildFile; fileRef = C9CDC7C527F91A2D00E4C97E /* SteamCore.cpp */; };
		C9CDC7D127F91A2F00E4C97E /* SteamAchievements.cpp in Sources */ = {isa = PBXBuildFile; fileRef = C9CDC7C627F91A2E00E4C97E /* SteamAchievements.cpp */; };
		C9CDC7D227F91A2F00E4C97E /* SteamLeaderboards.cpp in Sources */ = {isa = PBXBuildFile; fileRef = C9CDC7CB27F91A2E00E4C97E /* SteamLeaderboards.cpp */; };
		C9CDC7D327F91A2F00E4C97E /* SteamPresence.cpp in Sources */ = {isa = PBXBuildFile; fileRef = C9CDC7CC27F91A2E00E4C97E /* SteamPresence.cpp */; };
		C9CDC7D427F91A2F00E4C97E /* SteamStats.cpp in Sources */ = {isa = PBXBuildFile; fileRef = C9CDC7CD27F91A2E00E4C97E /* SteamStats.cpp */; };
		C9CDC7D527F91A2F00E4C97E /* SteamStorage.cpp in Sources */ = {isa = PBXBuildFile; fileRef = C9CDC7CE27F91A2E00E4C97E /* SteamStorage.cpp */; };
		C9CDC7DB27F91A4100E4C97E /* DefaultObject.cpp in Sources */ = {isa = PBXBuildFile; fileRef = C9CDC7D927F91A4100E4C97E /* DefaultObject.cpp */; };
		C9CDC7DC27F91A4100E4C97E /* DevOutput.cpp in Sources */ = {isa = PBXBuildFile; fileRef = C9CDC7DA27F91A4100E4C97E /* DevOutput.cpp */; };
		C9CDC803284362FA00E4C97E /* miniz.c in Sources */ = {isa = PBXBuildFile; fileRef = C9CDC802284362FA00E4C97E /* miniz.c */; };
/* End PBXBuildFile section */

/* Begin PBXCopyFilesBuildPhase section */
		C968886725DF3EF300BEE4B8 /* Embed Frameworks */ = {
			isa = PBXCopyFilesBuildPhase;
			buildActionMask = 2147483647;
			dstPath = "";
			dstSubfolderSpec = 10;
			files = (
				C92834EB2631150A00D51CCE /* Ogg.framework in Embed Frameworks */,
				C968886625DF3EF300BEE4B8 /* SDL2.framework in Embed Frameworks */,
				C965667726BCF1E80076832A /* Theora.framework in Embed Frameworks */,
			);
			name = "Embed Frameworks";
			runOnlyForDeploymentPostprocessing = 0;
		};
/* End PBXCopyFilesBuildPhase section */

/* Begin PBXFileReference section */
		C92834E92631150A00D51CCE /* Ogg.framework */ = {isa = PBXFileReference; lastKnownFileType = wrapper.framework; name = Ogg.framework; path = dependencies/mac/libogg/macosx/Ogg.framework; sourceTree = "<group>"; };
		C92834EC2631151B00D51CCE /* Vorbis.framework */ = {isa = PBXFileReference; lastKnownFileType = wrapper.framework; name = Vorbis.framework; path = dependencies/mac/libvorbis/macosx/Vorbis.framework; sourceTree = "<group>"; };
		C928353B26A3F28200D51CCE /* cocoaHelpers.hpp */ = {isa = PBXFileReference; fileEncoding = 4; lastKnownFileType = sourcecode.cpp.h; name = cocoaHelpers.hpp; path = dependencies/mac/cocoaHelpers.hpp; sourceTree = SOURCE_ROOT; };
		C928353C26A3F28200D51CCE /* cocoaHelpers.mm */ = {isa = PBXFileReference; fileEncoding = 4; lastKnownFileType = sourcecode.cpp.objcpp; name = cocoaHelpers.mm; path = dependencies/mac/cocoaHelpers.mm; sourceTree = SOURCE_ROOT; };
		C9555DAC2744FE06006E1353 /* tinyxml2.h */ = {isa = PBXFileReference; fileEncoding = 4; lastKnownFileType = sourcecode.c.h; name = tinyxml2.h; path = dependencies/all/tinyxml2/tinyxml2.h; sourceTree = SOURCE_ROOT; };
		C9555DAD2744FE06006E1353 /* tinyxml2.cpp */ = {isa = PBXFileReference; fileEncoding = 4; lastKnownFileType = sourcecode.cpp.cpp; name = tinyxml2.cpp; path = dependencies/all/tinyxml2/tinyxml2.cpp; sourceTree = SOURCE_ROOT; };
		C965667526BCF1E80076832A /* Theora.framework */ = {isa = PBXFileReference; lastKnownFileType = wrapper.framework; name = Theora.framework; path = dependencies/mac/libtheora/macosx/Theora.framework; sourceTree = "<group>"; };
		C96881F125DF3C8700BEE4B8 /* RSDKv5.app */ = {isa = PBXFileReference; explicitFileType = wrapper.application; includeInIndex = 0; path = RSDKv5.app; sourceTree = BUILT_PRODUCTS_DIR; };
		C96881F925DF3C8A00BEE4B8 /* Info.plist */ = {isa = PBXFileReference; lastKnownFileType = text.plist.xml; path = Info.plist; sourceTree = "<group>"; };
		C96881FE25DF3C8B00BEE4B8 /* Assets.xcassets */ = {isa = PBXFileReference; lastKnownFileType = folder.assetcatalog; name = Assets.xcassets; path = ../dependencies/mac/RSDKv5/Assets.xcassets; sourceTree = "<group>"; };
		C968886425DF3EF300BEE4B8 /* SDL2.framework */ = {isa = PBXFileReference; lastKnownFileType = wrapper.framework; name = SDL2.framework; path = dependencies/mac/SDL2.framework; sourceTree = "<group>"; };
		C968886A25DF3F4B00BEE4B8 /* dictionary.cpp */ = {isa = PBXFileReference; fileEncoding = 4; lastKnownFileType = sourcecode.cpp.cpp; name = dictionary.cpp; path = dependencies/all/iniparser/dictionary.cpp; sourceTree = SOURCE_ROOT; };
		C968886B25DF3F4B00BEE4B8 /* dictionary.h */ = {isa = PBXFileReference; fileEncoding = 4; lastKnownFileType = sourcecode.c.h; name = dictionary.h; path = dependencies/all/iniparser/dictionary.h; sourceTree = SOURCE_ROOT; };
		C968886C25DF3F4B00BEE4B8 /* iniparser.h */ = {isa = PBXFileReference; fileEncoding = 4; lastKnownFileType = sourcecode.c.h; name = iniparser.h; path = dependencies/all/iniparser/iniparser.h; sourceTree = SOURCE_ROOT; };
		C968886D25DF3F4C00BEE4B8 /* iniparser.cpp */ = {isa = PBXFileReference; fileEncoding = 4; lastKnownFileType = sourcecode.cpp.cpp; name = iniparser.cpp; path = dependencies/all/iniparser/iniparser.cpp; sourceTree = SOURCE_ROOT; };
		C9CDC72E27F9165F00E4C97E /* main.hpp */ = {isa = PBXFileReference; fileEncoding = 4; lastKnownFileType = sourcecode.cpp.h; path = main.hpp; sourceTree = "<group>"; };
		C9CDC72F27F9165F00E4C97E /* main.cpp */ = {isa = PBXFileReference; fileEncoding = 4; lastKnownFileType = sourcecode.cpp.cpp; path = main.cpp; sourceTree = "<group>"; };
		C9CDC73A27F9197B00E4C97E /* Audio.cpp */ = {isa = PBXFileReference; fileEncoding = 4; lastKnownFileType = sourcecode.cpp.cpp; name = Audio.cpp; path = RSDK/Audio/Audio.cpp; sourceTree = "<group>"; };
		C9CDC73B27F9197C00E4C97E /* Audio.hpp */ = {isa = PBXFileReference; fileEncoding = 4; lastKnownFileType = sourcecode.cpp.h; name = Audio.hpp; path = RSDK/Audio/Audio.hpp; sourceTree = "<group>"; };
		C9CDC73D27F9198700E4C97E /* RetroEngine.hpp */ = {isa = PBXFileReference; fileEncoding = 4; lastKnownFileType = sourcecode.cpp.h; name = RetroEngine.hpp; path = RSDK/Core/RetroEngine.hpp; sourceTree = "<group>"; };
		C9CDC73E27F9198700E4C97E /* Math.hpp */ = {isa = PBXFileReference; fileEncoding = 4; lastKnownFileType = sourcecode.cpp.h; name = Math.hpp; path = RSDK/Core/Math.hpp; sourceTree = "<group>"; wrapsLines = 0; };
		C9CDC73F27F9198700E4C97E /* Link.hpp */ = {isa = PBXFileReference; fileEncoding = 4; lastKnownFileType = sourcecode.cpp.h; name = Link.hpp; path = RSDK/Core/Link.hpp; sourceTree = "<group>"; };
		C9CDC74027F9198700E4C97E /* Reader.hpp */ = {isa = PBXFileReference; fileEncoding = 4; lastKnownFileType = sourcecode.cpp.h; name = Reader.hpp; path = RSDK/Core/Reader.hpp; sourceTree = "<group>"; };
		C9CDC74127F9198700E4C97E /* Math.cpp */ = {isa = PBXFileReference; fileEncoding = 4; lastKnownFileType = sourcecode.cpp.cpp; name = Math.cpp; path = RSDK/Core/Math.cpp; sourceTree = "<group>"; };
		C9CDC74227F9198700E4C97E /* Link.cpp */ = {isa = PBXFileReference; fileEncoding = 4; lastKnownFileType = sourcecode.cpp.cpp; name = Link.cpp; path = RSDK/Core/Link.cpp; sourceTree = "<group>"; };
		C9CDC74327F9198700E4C97E /* ModAPI.cpp */ = {isa = PBXFileReference; fileEncoding = 4; lastKnownFileType = sourcecode.cpp.cpp; name = ModAPI.cpp; path = RSDK/Core/ModAPI.cpp; sourceTree = "<group>"; };
		C9CDC74427F9198800E4C97E /* Reader.cpp */ = {isa = PBXFileReference; fileEncoding = 4; lastKnownFileType = sourcecode.cpp.cpp; name = Reader.cpp; path = RSDK/Core/Reader.cpp; sourceTree = "<group>"; };
		C9CDC74527F9198800E4C97E /* RetroEngine.cpp */ = {isa = PBXFileReference; fileEncoding = 4; lastKnownFileType = sourcecode.cpp.cpp; name = RetroEngine.cpp; path = RSDK/Core/RetroEngine.cpp; sourceTree = "<group>"; };
		C9CDC74627F9198800E4C97E /* ModAPI.hpp */ = {isa = PBXFileReference; fileEncoding = 4; lastKnownFileType = sourcecode.cpp.h; name = ModAPI.hpp; path = RSDK/Core/ModAPI.hpp; sourceTree = "<group>"; };
		C9CDC74C27F9199300E4C97E /* Debug.hpp */ = {isa = PBXFileReference; fileEncoding = 4; lastKnownFileType = sourcecode.cpp.h; name = Debug.hpp; path = RSDK/Dev/Debug.hpp; sourceTree = "<group>"; };
		C9CDC74D27F9199300E4C97E /* DevFont.hpp */ = {isa = PBXFileReference; fileEncoding = 4; lastKnownFileType = sourcecode.cpp.h; name = DevFont.hpp; path = RSDK/Dev/DevFont.hpp; sourceTree = "<group>"; };
		C9CDC74E27F9199300E4C97E /* Debug.cpp */ = {isa = PBXFileReference; fileEncoding = 4; lastKnownFileType = sourcecode.cpp.cpp; name = Debug.cpp; path = RSDK/Dev/Debug.cpp; sourceTree = "<group>"; };
		C9CDC75027F9199C00E4C97E /* Sprite.cpp */ = {isa = PBXFileReference; fileEncoding = 4; lastKnownFileType = sourcecode.cpp.cpp; name = Sprite.cpp; path = RSDK/Graphics/Sprite.cpp; sourceTree = "<group>"; };
		C9CDC75127F9199C00E4C97E /* Palette.hpp */ = {isa = PBXFileReference; fileEncoding = 4; lastKnownFileType = sourcecode.cpp.h; name = Palette.hpp; path = RSDK/Graphics/Palette.hpp; sourceTree = "<group>"; wrapsLines = 0; };
		C9CDC75227F9199C00E4C97E /* Drawing.cpp */ = {isa = PBXFileReference; fileEncoding = 4; lastKnownFileType = sourcecode.cpp.cpp; name = Drawing.cpp; path = RSDK/Graphics/Drawing.cpp; sourceTree = "<group>"; wrapsLines = 0; };
		C9CDC75427F9199C00E4C97E /* Video.hpp */ = {isa = PBXFileReference; fileEncoding = 4; lastKnownFileType = sourcecode.cpp.h; name = Video.hpp; path = RSDK/Graphics/Video.hpp; sourceTree = "<group>"; };
		C9CDC75527F9199C00E4C97E /* Scene3D.cpp */ = {isa = PBXFileReference; fileEncoding = 4; lastKnownFileType = sourcecode.cpp.cpp; name = Scene3D.cpp; path = RSDK/Graphics/Scene3D.cpp; sourceTree = "<group>"; };
		C9CDC75627F9199C00E4C97E /* Video.cpp */ = {isa = PBXFileReference; fileEncoding = 4; lastKnownFileType = sourcecode.cpp.cpp; name = Video.cpp; path = RSDK/Graphics/Video.cpp; sourceTree = "<group>"; };
		C9CDC75727F9199C00E4C97E /* Animation.hpp */ = {isa = PBXFileReference; fileEncoding = 4; lastKnownFileType = sourcecode.cpp.h; name = Animation.hpp; path = RSDK/Graphics/Animation.hpp; sourceTree = "<group>"; };
		C9CDC75827F9199C00E4C97E /* Drawing.hpp */ = {isa = PBXFileReference; fileEncoding = 4; lastKnownFileType = sourcecode.cpp.h; name = Drawing.hpp; path = RSDK/Graphics/Drawing.hpp; sourceTree = "<group>"; };
		C9CDC75927F9199C00E4C97E /* Sprite.hpp */ = {isa = PBXFileReference; fileEncoding = 4; lastKnownFileType = sourcecode.cpp.h; name = Sprite.hpp; path = RSDK/Graphics/Sprite.hpp; sourceTree = "<group>"; };
		C9CDC75A27F9199C00E4C97E /* Scene3D.hpp */ = {isa = PBXFileReference; fileEncoding = 4; lastKnownFileType = sourcecode.cpp.h; name = Scene3D.hpp; path = RSDK/Graphics/Scene3D.hpp; sourceTree = "<group>"; };
		C9CDC75C27F9199D00E4C97E /* Palette.cpp */ = {isa = PBXFileReference; fileEncoding = 4; lastKnownFileType = sourcecode.cpp.cpp; name = Palette.cpp; path = RSDK/Graphics/Palette.cpp; sourceTree = "<group>"; };
		C9CDC75D27F9199D00E4C97E /* Animation.cpp */ = {isa = PBXFileReference; fileEncoding = 4; lastKnownFileType = sourcecode.cpp.cpp; name = Animation.cpp; path = RSDK/Graphics/Animation.cpp; sourceTree = "<group>"; };
		C9CDC76527F919A900E4C97E /* Input.hpp */ = {isa = PBXFileReference; fileEncoding = 4; lastKnownFileType = sourcecode.cpp.h; name = Input.hpp; path = RSDK/Input/Input.hpp; sourceTree = "<group>"; };
		C9CDC76627F919A900E4C97E /* Input.cpp */ = {isa = PBXFileReference; fileEncoding = 4; lastKnownFileType = sourcecode.cpp.cpp; name = Input.cpp; path = RSDK/Input/Input.cpp; sourceTree = "<group>"; };
		C9CDC76827F919B800E4C97E /* Collision.hpp */ = {isa = PBXFileReference; fileEncoding = 4; lastKnownFileType = sourcecode.cpp.h; name = Collision.hpp; path = RSDK/Scene/Collision.hpp; sourceTree = "<group>"; };
		C9CDC76927F919B800E4C97E /* Object.cpp */ = {isa = PBXFileReference; fileEncoding = 4; lastKnownFileType = sourcecode.cpp.cpp; name = Object.cpp; path = RSDK/Scene/Object.cpp; sourceTree = "<group>"; };
		C9CDC76A27F919B800E4C97E /* Object.hpp */ = {isa = PBXFileReference; fileEncoding = 4; lastKnownFileType = sourcecode.cpp.h; name = Object.hpp; path = RSDK/Scene/Object.hpp; sourceTree = "<group>"; };
		C9CDC76B27F919B800E4C97E /* Scene.cpp */ = {isa = PBXFileReference; fileEncoding = 4; lastKnownFileType = sourcecode.cpp.cpp; name = Scene.cpp; path = RSDK/Scene/Scene.cpp; sourceTree = "<group>"; };
		C9CDC76C27F919B800E4C97E /* Collision.cpp */ = {isa = PBXFileReference; fileEncoding = 4; lastKnownFileType = sourcecode.cpp.cpp; name = Collision.cpp; path = RSDK/Scene/Collision.cpp; sourceTree = "<group>"; wrapsLines = 0; };
		C9CDC76D27F919B800E4C97E /* Scene.hpp */ = {isa = PBXFileReference; fileEncoding = 4; lastKnownFileType = sourcecode.cpp.h; name = Scene.hpp; path = RSDK/Scene/Scene.hpp; sourceTree = "<group>"; };
		C9CDC77127F919C100E4C97E /* Storage.cpp */ = {isa = PBXFileReference; fileEncoding = 4; lastKnownFileType = sourcecode.cpp.cpp; name = Storage.cpp; path = RSDK/Storage/Storage.cpp; sourceTree = "<group>"; };
		C9CDC77227F919C100E4C97E /* Text.hpp */ = {isa = PBXFileReference; fileEncoding = 4; lastKnownFileType = sourcecode.cpp.h; name = Text.hpp; path = RSDK/Storage/Text.hpp; sourceTree = "<group>"; };
		C9CDC77327F919C100E4C97E /* Storage.hpp */ = {isa = PBXFileReference; fileEncoding = 4; lastKnownFileType = sourcecode.cpp.h; name = Storage.hpp; path = RSDK/Storage/Storage.hpp; sourceTree = "<group>"; };
		C9CDC77427F919C200E4C97E /* Text.cpp */ = {isa = PBXFileReference; fileEncoding = 4; lastKnownFileType = sourcecode.cpp.cpp; name = Text.cpp; path = RSDK/Storage/Text.cpp; sourceTree = "<group>"; };
		C9CDC77C27F919FA00E4C97E /* UserCore.hpp */ = {isa = PBXFileReference; fileEncoding = 4; lastKnownFileType = sourcecode.cpp.h; name = UserCore.hpp; path = RSDK/User/Core/UserCore.hpp; sourceTree = "<group>"; };
		C9CDC77D27F919FA00E4C97E /* UserAchievements.cpp */ = {isa = PBXFileReference; fileEncoding = 4; lastKnownFileType = sourcecode.cpp.cpp; name = UserAchievements.cpp; path = RSDK/User/Core/UserAchievements.cpp; sourceTree = "<group>"; };
		C9CDC77E27F919FB00E4C97E /* UserLeaderboards.cpp */ = {isa = PBXFileReference; fileEncoding = 4; lastKnownFileType = sourcecode.cpp.cpp; name = UserLeaderboards.cpp; path = RSDK/User/Core/UserLeaderboards.cpp; sourceTree = "<group>"; };
		C9CDC77F27F919FB00E4C97E /* UserStats.cpp */ = {isa = PBXFileReference; fileEncoding = 4; lastKnownFileType = sourcecode.cpp.cpp; name = UserStats.cpp; path = RSDK/User/Core/UserStats.cpp; sourceTree = "<group>"; };
		C9CDC78027F919FB00E4C97E /* UserStorage.hpp */ = {isa = PBXFileReference; fileEncoding = 4; lastKnownFileType = sourcecode.cpp.h; name = UserStorage.hpp; path = RSDK/User/Core/UserStorage.hpp; sourceTree = "<group>"; };
		C9CDC78127F919FB00E4C97E /* UserStorage.cpp */ = {isa = PBXFileReference; fileEncoding = 4; lastKnownFileType = sourcecode.cpp.cpp; name = UserStorage.cpp; path = RSDK/User/Core/UserStorage.cpp; sourceTree = "<group>"; };
		C9CDC78227F919FB00E4C97E /* UserCore.cpp */ = {isa = PBXFileReference; fileEncoding = 4; lastKnownFileType = sourcecode.cpp.cpp; name = UserCore.cpp; path = RSDK/User/Core/UserCore.cpp; sourceTree = "<group>"; };
		C9CDC78327F919FB00E4C97E /* UserLeaderboards.hpp */ = {isa = PBXFileReference; fileEncoding = 4; lastKnownFileType = sourcecode.cpp.h; name = UserLeaderboards.hpp; path = RSDK/User/Core/UserLeaderboards.hpp; sourceTree = "<group>"; };
		C9CDC78427F919FB00E4C97E /* UserAchievements.hpp */ = {isa = PBXFileReference; fileEncoding = 4; lastKnownFileType = sourcecode.cpp.h; name = UserAchievements.hpp; path = RSDK/User/Core/UserAchievements.hpp; sourceTree = "<group>"; };
		C9CDC78527F919FB00E4C97E /* UserPresence.cpp */ = {isa = PBXFileReference; fileEncoding = 4; lastKnownFileType = sourcecode.cpp.cpp; name = UserPresence.cpp; path = RSDK/User/Core/UserPresence.cpp; sourceTree = "<group>"; };
		C9CDC78627F919FB00E4C97E /* UserStats.hpp */ = {isa = PBXFileReference; fileEncoding = 4; lastKnownFileType = sourcecode.cpp.h; name = UserStats.hpp; path = RSDK/User/Core/UserStats.hpp; sourceTree = "<group>"; };
		C9CDC78727F919FB00E4C97E /* UserPresence.hpp */ = {isa = PBXFileReference; fileEncoding = 4; lastKnownFileType = sourcecode.cpp.h; name = UserPresence.hpp; path = RSDK/User/Core/UserPresence.hpp; sourceTree = "<group>"; };
		C9CDC78E27F91A0900E4C97E /* DummyStats.hpp */ = {isa = PBXFileReference; fileEncoding = 4; lastKnownFileType = sourcecode.cpp.h; name = DummyStats.hpp; path = RSDK/User/Dummy/DummyStats.hpp; sourceTree = "<group>"; };
		C9CDC78F27F91A0900E4C97E /* DummyAchievements.hpp */ = {isa = PBXFileReference; fileEncoding = 4; lastKnownFileType = sourcecode.cpp.h; name = DummyAchievements.hpp; path = RSDK/User/Dummy/DummyAchievements.hpp; sourceTree = "<group>"; };
		C9CDC79027F91A0900E4C97E /* DummyAchievements.cpp */ = {isa = PBXFileReference; fileEncoding = 4; lastKnownFileType = sourcecode.cpp.cpp; name = DummyAchievements.cpp; path = RSDK/User/Dummy/DummyAchievements.cpp; sourceTree = "<group>"; };
		C9CDC79127F91A0900E4C97E /* DummyLeaderboards.cpp */ = {isa = PBXFileReference; fileEncoding = 4; lastKnownFileType = sourcecode.cpp.cpp; name = DummyLeaderboards.cpp; path = RSDK/User/Dummy/DummyLeaderboards.cpp; sourceTree = "<group>"; };
		C9CDC79227F91A0900E4C97E /* DummyCore.cpp */ = {isa = PBXFileReference; fileEncoding = 4; lastKnownFileType = sourcecode.cpp.cpp; name = DummyCore.cpp; path = RSDK/User/Dummy/DummyCore.cpp; sourceTree = "<group>"; };
		C9CDC79327F91A0900E4C97E /* DummyPresence.cpp */ = {isa = PBXFileReference; fileEncoding = 4; lastKnownFileType = sourcecode.cpp.cpp; name = DummyPresence.cpp; path = RSDK/User/Dummy/DummyPresence.cpp; sourceTree = "<group>"; };
		C9CDC79427F91A0900E4C97E /* DummyStats.cpp */ = {isa = PBXFileReference; fileEncoding = 4; lastKnownFileType = sourcecode.cpp.cpp; name = DummyStats.cpp; path = RSDK/User/Dummy/DummyStats.cpp; sourceTree = "<group>"; };
		C9CDC79527F91A0900E4C97E /* DummyStorage.cpp */ = {isa = PBXFileReference; fileEncoding = 4; lastKnownFileType = sourcecode.cpp.cpp; name = DummyStorage.cpp; path = RSDK/User/Dummy/DummyStorage.cpp; sourceTree = "<group>"; };
		C9CDC79627F91A0900E4C97E /* DummyStorage.hpp */ = {isa = PBXFileReference; fileEncoding = 4; lastKnownFileType = sourcecode.cpp.h; name = DummyStorage.hpp; path = RSDK/User/Dummy/DummyStorage.hpp; sourceTree = "<group>"; };
		C9CDC79727F91A0900E4C97E /* DummyLeaderboards.hpp */ = {isa = PBXFileReference; fileEncoding = 4; lastKnownFileType = sourcecode.cpp.h; name = DummyLeaderboards.hpp; path = RSDK/User/Dummy/DummyLeaderboards.hpp; sourceTree = "<group>"; };
		C9CDC79827F91A0A00E4C97E /* DummyPresence.hpp */ = {isa = PBXFileReference; fileEncoding = 4; lastKnownFileType = sourcecode.cpp.h; name = DummyPresence.hpp; path = RSDK/User/Dummy/DummyPresence.hpp; sourceTree = "<group>"; };
		C9CDC79927F91A0A00E4C97E /* DummyCore.hpp */ = {isa = PBXFileReference; fileEncoding = 4; lastKnownFileType = sourcecode.cpp.h; name = DummyCore.hpp; path = RSDK/User/Dummy/DummyCore.hpp; sourceTree = "<group>"; };
		C9CDC7A027F91A1600E4C97E /* EOSStats.hpp */ = {isa = PBXFileReference; fileEncoding = 4; lastKnownFileType = sourcecode.cpp.h; name = EOSStats.hpp; path = RSDK/User/EOS/EOSStats.hpp; sourceTree = "<group>"; };
		C9CDC7A127F91A1600E4C97E /* EOSAchievements.cpp */ = {isa = PBXFileReference; fileEncoding = 4; lastKnownFileType = sourcecode.cpp.cpp; name = EOSAchievements.cpp; path = RSDK/User/EOS/EOSAchievements.cpp; sourceTree = "<group>"; };
		C9CDC7A227F91A1600E4C97E /* EOSAchievements.hpp */ = {isa = PBXFileReference; fileEncoding = 4; lastKnownFileType = sourcecode.cpp.h; name = EOSAchievements.hpp; path = RSDK/User/EOS/EOSAchievements.hpp; sourceTree = "<group>"; };
		C9CDC7A327F91A1600E4C97E /* EOSLeaderboards.cpp */ = {isa = PBXFileReference; fileEncoding = 4; lastKnownFileType = sourcecode.cpp.cpp; name = EOSLeaderboards.cpp; path = RSDK/User/EOS/EOSLeaderboards.cpp; sourceTree = "<group>"; };
		C9CDC7A427F91A1600E4C97E /* EOSCore.hpp */ = {isa = PBXFileReference; fileEncoding = 4; lastKnownFileType = sourcecode.cpp.h; name = EOSCore.hpp; path = RSDK/User/EOS/EOSCore.hpp; sourceTree = "<group>"; };
		C9CDC7A527F91A1700E4C97E /* EOSPresence.hpp */ = {isa = PBXFileReference; fileEncoding = 4; lastKnownFileType = sourcecode.cpp.h; name = EOSPresence.hpp; path = RSDK/User/EOS/EOSPresence.hpp; sourceTree = "<group>"; };
		C9CDC7A627F91A1700E4C97E /* EOSStorage.cpp */ = {isa = PBXFileReference; fileEncoding = 4; lastKnownFileType = sourcecode.cpp.cpp; name = EOSStorage.cpp; path = RSDK/User/EOS/EOSStorage.cpp; sourceTree = "<group>"; };
		C9CDC7A727F91A1700E4C97E /* EOSLeaderboards.hpp */ = {isa = PBXFileReference; fileEncoding = 4; lastKnownFileType = sourcecode.cpp.h; name = EOSLeaderboards.hpp; path = RSDK/User/EOS/EOSLeaderboards.hpp; sourceTree = "<group>"; };
		C9CDC7A827F91A1700E4C97E /* EOSStats.cpp */ = {isa = PBXFileReference; fileEncoding = 4; lastKnownFileType = sourcecode.cpp.cpp; name = EOSStats.cpp; path = RSDK/User/EOS/EOSStats.cpp; sourceTree = "<group>"; };
		C9CDC7A927F91A1700E4C97E /* EOSCore.cpp */ = {isa = PBXFileReference; fileEncoding = 4; lastKnownFileType = sourcecode.cpp.cpp; name = EOSCore.cpp; path = RSDK/User/EOS/EOSCore.cpp; sourceTree = "<group>"; };
		C9CDC7AA27F91A1700E4C97E /* EOSStorage.hpp */ = {isa = PBXFileReference; fileEncoding = 4; lastKnownFileType = sourcecode.cpp.h; name = EOSStorage.hpp; path = RSDK/User/EOS/EOSStorage.hpp; sourceTree = "<group>"; };
		C9CDC7AB27F91A1700E4C97E /* EOSPresence.cpp */ = {isa = PBXFileReference; fileEncoding = 4; lastKnownFileType = sourcecode.cpp.cpp; name = EOSPresence.cpp; path = RSDK/User/EOS/EOSPresence.cpp; sourceTree = "<group>"; };
		C9CDC7B227F91A2200E4C97E /* NXStorage.cpp */ = {isa = PBXFileReference; fileEncoding = 4; lastKnownFileType = sourcecode.cpp.cpp; name = NXStorage.cpp; path = RSDK/User/NX/NXStorage.cpp; sourceTree = "<group>"; };
		C9CDC7B327F91A2200E4C97E /* NXStorage.hpp */ = {isa = PBXFileReference; fileEncoding = 4; lastKnownFileType = sourcecode.cpp.h; name = NXStorage.hpp; path = RSDK/User/NX/NXStorage.hpp; sourceTree = "<group>"; };
		C9CDC7B427F91A2200E4C97E /* NXLeaderboards.hpp */ = {isa = PBXFileReference; fileEncoding = 4; lastKnownFileType = sourcecode.cpp.h; name = NXLeaderboards.hpp; path = RSDK/User/NX/NXLeaderboards.hpp; sourceTree = "<group>"; };
		C9CDC7B527F91A2200E4C97E /* NXAchievements.cpp */ = {isa = PBXFileReference; fileEncoding = 4; lastKnownFileType = sourcecode.cpp.cpp; name = NXAchievements.cpp; path = RSDK/User/NX/NXAchievements.cpp; sourceTree = "<group>"; };
		C9CDC7B627F91A2200E4C97E /* NXPresence.hpp */ = {isa = PBXFileReference; fileEncoding = 4; lastKnownFileType = sourcecode.cpp.h; name = NXPresence.hpp; path = RSDK/User/NX/NXPresence.hpp; sourceTree = "<group>"; };
		C9CDC7B727F91A2200E4C97E /* NXCore.hpp */ = {isa = PBXFileReference; fileEncoding = 4; lastKnownFileType = sourcecode.cpp.h; name = NXCore.hpp; path = RSDK/User/NX/NXCore.hpp; sourceTree = "<group>"; };
		C9CDC7B827F91A2200E4C97E /* NXCore.cpp */ = {isa = PBXFileReference; fileEncoding = 4; lastKnownFileType = sourcecode.cpp.cpp; name = NXCore.cpp; path = RSDK/User/NX/NXCore.cpp; sourceTree = "<group>"; };
		C9CDC7B927F91A2200E4C97E /* NXLeaderboards.cpp */ = {isa = PBXFileReference; fileEncoding = 4; lastKnownFileType = sourcecode.cpp.cpp; name = NXLeaderboards.cpp; path = RSDK/User/NX/NXLeaderboards.cpp; sourceTree = "<group>"; };
		C9CDC7BA27F91A2300E4C97E /* NXPresence.cpp */ = {isa = PBXFileReference; fileEncoding = 4; lastKnownFileType = sourcecode.cpp.cpp; name = NXPresence.cpp; path = RSDK/User/NX/NXPresence.cpp; sourceTree = "<group>"; };
		C9CDC7BB27F91A2300E4C97E /* NXAchievements.hpp */ = {isa = PBXFileReference; fileEncoding = 4; lastKnownFileType = sourcecode.cpp.h; name = NXAchievements.hpp; path = RSDK/User/NX/NXAchievements.hpp; sourceTree = "<group>"; };
		C9CDC7BC27F91A2300E4C97E /* NXStats.cpp */ = {isa = PBXFileReference; fileEncoding = 4; lastKnownFileType = sourcecode.cpp.cpp; name = NXStats.cpp; path = RSDK/User/NX/NXStats.cpp; sourceTree = "<group>"; };
		C9CDC7BD27F91A2300E4C97E /* NXStats.hpp */ = {isa = PBXFileReference; fileEncoding = 4; lastKnownFileType = sourcecode.cpp.h; name = NXStats.hpp; path = RSDK/User/NX/NXStats.hpp; sourceTree = "<group>"; };
		C9CDC7C427F91A2D00E4C97E /* SteamCore.hpp */ = {isa = PBXFileReference; fileEncoding = 4; lastKnownFileType = sourcecode.cpp.h; name = SteamCore.hpp; path = RSDK/User/Steam/SteamCore.hpp; sourceTree = "<group>"; };
		C9CDC7C527F91A2D00E4C97E /* SteamCore.cpp */ = {isa = PBXFileReference; fileEncoding = 4; lastKnownFileType = sourcecode.cpp.cpp; name = SteamCore.cpp; path = RSDK/User/Steam/SteamCore.cpp; sourceTree = "<group>"; };
		C9CDC7C627F91A2E00E4C97E /* SteamAchievements.cpp */ = {isa = PBXFileReference; fileEncoding = 4; lastKnownFileType = sourcecode.cpp.cpp; name = SteamAchievements.cpp; path = RSDK/User/Steam/SteamAchievements.cpp; sourceTree = "<group>"; };
		C9CDC7C727F91A2E00E4C97E /* SteamLeaderboards.hpp */ = {isa = PBXFileReference; fileEncoding = 4; lastKnownFileType = sourcecode.cpp.h; name = SteamLeaderboards.hpp; path = RSDK/User/Steam/SteamLeaderboards.hpp; sourceTree = "<group>"; };
		C9CDC7C827F91A2E00E4C97E /* SteamPresence.hpp */ = {isa = PBXFileReference; fileEncoding = 4; lastKnownFileType = sourcecode.cpp.h; name = SteamPresence.hpp; path = RSDK/User/Steam/SteamPresence.hpp; sourceTree = "<group>"; };
		C9CDC7C927F91A2E00E4C97E /* SteamStats.hpp */ = {isa = PBXFileReference; fileEncoding = 4; lastKnownFileType = sourcecode.cpp.h; name = SteamStats.hpp; path = RSDK/User/Steam/SteamStats.hpp; sourceTree = "<group>"; };
		C9CDC7CA27F91A2E00E4C97E /* SteamStorage.hpp */ = {isa = PBXFileReference; fileEncoding = 4; lastKnownFileType = sourcecode.cpp.h; name = SteamStorage.hpp; path = RSDK/User/Steam/SteamStorage.hpp; sourceTree = "<group>"; };
		C9CDC7CB27F91A2E00E4C97E /* SteamLeaderboards.cpp */ = {isa = PBXFileReference; fileEncoding = 4; lastKnownFileType = sourcecode.cpp.cpp; name = SteamLeaderboards.cpp; path = RSDK/User/Steam/SteamLeaderboards.cpp; sourceTree = "<group>"; };
		C9CDC7CC27F91A2E00E4C97E /* SteamPresence.cpp */ = {isa = PBXFileReference; fileEncoding = 4; lastKnownFileType = sourcecode.cpp.cpp; name = SteamPresence.cpp; path = RSDK/User/Steam/SteamPresence.cpp; sourceTree = "<group>"; };
		C9CDC7CD27F91A2E00E4C97E /* SteamStats.cpp */ = {isa = PBXFileReference; fileEncoding = 4; lastKnownFileType = sourcecode.cpp.cpp; name = SteamStats.cpp; path = RSDK/User/Steam/SteamStats.cpp; sourceTree = "<group>"; };
		C9CDC7CE27F91A2E00E4C97E /* SteamStorage.cpp */ = {isa = PBXFileReference; fileEncoding = 4; lastKnownFileType = sourcecode.cpp.cpp; name = SteamStorage.cpp; path = RSDK/User/Steam/SteamStorage.cpp; sourceTree = "<group>"; };
		C9CDC7CF27F91A2E00E4C97E /* SteamAchievements.hpp */ = {isa = PBXFileReference; fileEncoding = 4; lastKnownFileType = sourcecode.cpp.h; name = SteamAchievements.hpp; path = RSDK/User/Steam/SteamAchievements.hpp; sourceTree = "<group>"; };
		C9CDC7D727F91A4100E4C97E /* DefaultObject.hpp */ = {isa = PBXFileReference; fileEncoding = 4; lastKnownFileType = sourcecode.cpp.h; name = DefaultObject.hpp; path = RSDK/Scene/Objects/DefaultObject.hpp; sourceTree = "<group>"; };
		C9CDC7D827F91A4100E4C97E /* DevOutput.hpp */ = {isa = PBXFileReference; fileEncoding = 4; lastKnownFileType = sourcecode.cpp.h; name = DevOutput.hpp; path = RSDK/Scene/Objects/DevOutput.hpp; sourceTree = "<group>"; };
		C9CDC7D927F91A4100E4C97E /* DefaultObject.cpp */ = {isa = PBXFileReference; fileEncoding = 4; lastKnownFileType = sourcecode.cpp.cpp; name = DefaultObject.cpp; path = RSDK/Scene/Objects/DefaultObject.cpp; sourceTree = "<group>"; };
		C9CDC7DA27F91A4100E4C97E /* DevOutput.cpp */ = {isa = PBXFileReference; fileEncoding = 4; lastKnownFileType = sourcecode.cpp.cpp; name = DevOutput.cpp; path = RSDK/Scene/Objects/DevOutput.cpp; sourceTree = "<group>"; };
		C9CDC7DF282E45AF00E4C97E /* stb_vorbis.c */ = {isa = PBXFileReference; fileEncoding = 4; lastKnownFileType = sourcecode.c.c; name = stb_vorbis.c; path = dependencies/all/stb_vorbis/stb_vorbis.c; sourceTree = SOURCE_ROOT; };
		C9CDC7E5282E4A1100E4C97E /* SDL2RenderDevice.hpp */ = {isa = PBXFileReference; fileEncoding = 4; lastKnownFileType = sourcecode.cpp.h; name = SDL2RenderDevice.hpp; path = RSDK/Graphics/SDL2/SDL2RenderDevice.hpp; sourceTree = "<group>"; };
		C9CDC7E6282E4A1100E4C97E /* SDL2RenderDevice.cpp */ = {isa = PBXFileReference; fileEncoding = 4; lastKnownFileType = sourcecode.cpp.cpp; name = SDL2RenderDevice.cpp; path = RSDK/Graphics/SDL2/SDL2RenderDevice.cpp; sourceTree = "<group>"; };
		C9CDC7E9282E4AAC00E4C97E /* SDL2AudioDevice.cpp */ = {isa = PBXFileReference; fileEncoding = 4; lastKnownFileType = sourcecode.cpp.cpp; name = SDL2AudioDevice.cpp; path = RSDK/Audio/SDL2/SDL2AudioDevice.cpp; sourceTree = "<group>"; };
		C9CDC7EA282E4AAC00E4C97E /* SDL2AudioDevice.hpp */ = {isa = PBXFileReference; fileEncoding = 4; lastKnownFileType = sourcecode.cpp.h; name = SDL2AudioDevice.hpp; path = RSDK/Audio/SDL2/SDL2AudioDevice.hpp; sourceTree = "<group>"; };
		C9CDC801284362FA00E4C97E /* miniz.h */ = {isa = PBXFileReference; fileEncoding = 4; lastKnownFileType = sourcecode.c.h; name = miniz.h; path = dependencies/all/miniz/miniz.h; sourceTree = SOURCE_ROOT; };
		C9CDC802284362FA00E4C97E /* miniz.c */ = {isa = PBXFileReference; fileEncoding = 4; lastKnownFileType = sourcecode.c.c; name = miniz.c; path = dependencies/all/miniz/miniz.c; sourceTree = SOURCE_ROOT; };
/* End PBXFileReference section */

/* Begin PBXFrameworksBuildPhase section */
		C96881EE25DF3C8700BEE4B8 /* Frameworks */ = {
			isa = PBXFrameworksBuildPhase;
			buildActionMask = 2147483647;
			files = (
				C92834EA2631150A00D51CCE /* Ogg.framework in Frameworks */,
				C968886525DF3EF300BEE4B8 /* SDL2.framework in Frameworks */,
				C965667626BCF1E80076832A /* Theora.framework in Frameworks */,
			);
			runOnlyForDeploymentPostprocessing = 0;
		};
/* End PBXFrameworksBuildPhase section */

/* Begin PBXGroup section */
		C928353A26A3F25D00D51CCE /* helpers */ = {
			isa = PBXGroup;
			children = (
				C928353B26A3F28200D51CCE /* cocoaHelpers.hpp */,
				C928353C26A3F28200D51CCE /* cocoaHelpers.mm */,
			);
			name = helpers;
			sourceTree = "<group>";
		};
		C9555DAB2744FDBB006E1353 /* tinyXML2 */ = {
			isa = PBXGroup;
			children = (
				C9555DAD2744FE06006E1353 /* tinyxml2.cpp */,
				C9555DAC2744FE06006E1353 /* tinyxml2.h */,
			);
			name = tinyXML2;
			sourceTree = "<group>";
		};
		C968819E25DF3BC700BEE4B8 = {
			isa = PBXGroup;
			children = (
				C96881F225DF3C8700BEE4B8 /* RSDKv5 */,
				C96881A825DF3BC700BEE4B8 /* Products */,
				C968886325DF3EF200BEE4B8 /* Frameworks */,
			);
			sourceTree = "<group>";
		};
		C96881A825DF3BC700BEE4B8 /* Products */ = {
			isa = PBXGroup;
			children = (
				C96881F125DF3C8700BEE4B8 /* RSDKv5.app */,
			);
			name = Products;
			sourceTree = "<group>";
		};
		C96881F225DF3C8700BEE4B8 /* RSDKv5 */ = {
			isa = PBXGroup;
			children = (
				C9CDC72D27F9165300E4C97E /* sources */,
				C9555DAB2744FDBB006E1353 /* tinyXML2 */,
				C928353A26A3F25D00D51CCE /* helpers */,
				C968887625DF488300BEE4B8 /* miniz */,
				C968886925DF3F3C00BEE4B8 /* iniparser */,
				C9CDC7DE282E44CB00E4C97E /* stb_vorbis */,
				C96881FE25DF3C8B00BEE4B8 /* Assets.xcassets */,
				C96881F925DF3C8A00BEE4B8 /* Info.plist */,
			);
			path = RSDKv5;
			sourceTree = "<group>";
		};
		C968886325DF3EF200BEE4B8 /* Frameworks */ = {
			isa = PBXGroup;
			children = (
				C965667526BCF1E80076832A /* Theora.framework */,
				C92834EC2631151B00D51CCE /* Vorbis.framework */,
				C92834E92631150A00D51CCE /* Ogg.framework */,
				C968886425DF3EF300BEE4B8 /* SDL2.framework */,
			);
			name = Frameworks;
			sourceTree = "<group>";
		};
		C968886925DF3F3C00BEE4B8 /* iniparser */ = {
			isa = PBXGroup;
			children = (
				C968886A25DF3F4B00BEE4B8 /* dictionary.cpp */,
				C968886B25DF3F4B00BEE4B8 /* dictionary.h */,
				C968886D25DF3F4C00BEE4B8 /* iniparser.cpp */,
				C968886C25DF3F4B00BEE4B8 /* iniparser.h */,
			);
			name = iniparser;
			sourceTree = "<group>";
		};
		C968887625DF488300BEE4B8 /* miniz */ = {
			isa = PBXGroup;
			children = (
				C9CDC802284362FA00E4C97E /* miniz.c */,
				C9CDC801284362FA00E4C97E /* miniz.h */,
			);
			name = miniz;
			sourceTree = "<group>";
		};
		C9CDC72D27F9165300E4C97E /* sources */ = {
			isa = PBXGroup;
			children = (
				C9CDC73127F9193B00E4C97E /* RSDK */,
				C9CDC72F27F9165F00E4C97E /* main.cpp */,
				C9CDC72E27F9165F00E4C97E /* main.hpp */,
			);
			name = sources;
			sourceTree = "<group>";
		};
		C9CDC73127F9193B00E4C97E /* RSDK */ = {
			isa = PBXGroup;
			children = (
				C9CDC73927F9197100E4C97E /* Audio */,
				C9CDC73827F9196300E4C97E /* Core */,
				C9CDC73727F9195C00E4C97E /* Dev */,
				C9CDC73627F9195700E4C97E /* Graphics */,
				C9CDC73527F9195300E4C97E /* Input */,
				C9CDC73427F9194800E4C97E /* Scene */,
				C9CDC73327F9194400E4C97E /* Storage */,
				C9CDC73227F9194000E4C97E /* User */,
			);
			name = RSDK;
			sourceTree = "<group>";
		};
		C9CDC73227F9194000E4C97E /* User */ = {
			isa = PBXGroup;
			children = (
				C9CDC77B27F919ED00E4C97E /* Core */,
				C9CDC77A27F919E800E4C97E /* Dummy */,
				C9CDC77927F919E200E4C97E /* EOS */,
				C9CDC77827F919DC00E4C97E /* NX */,
				C9CDC77727F919D400E4C97E /* Steam */,
			);
			name = User;
			sourceTree = "<group>";
		};
		C9CDC73327F9194400E4C97E /* Storage */ = {
			isa = PBXGroup;
			children = (
				C9CDC77127F919C100E4C97E /* Storage.cpp */,
				C9CDC77327F919C100E4C97E /* Storage.hpp */,
				C9CDC77427F919C200E4C97E /* Text.cpp */,
				C9CDC77227F919C100E4C97E /* Text.hpp */,
			);
			name = Storage;
			sourceTree = "<group>";
		};
		C9CDC73427F9194800E4C97E /* Scene */ = {
			isa = PBXGroup;
			children = (
				C9CDC7D627F91A3600E4C97E /* Objects */,
				C9CDC76C27F919B800E4C97E /* Collision.cpp */,
				C9CDC76827F919B800E4C97E /* Collision.hpp */,
				C9CDC76927F919B800E4C97E /* Object.cpp */,
				C9CDC76A27F919B800E4C97E /* Object.hpp */,
				C9CDC76B27F919B800E4C97E /* Scene.cpp */,
				C9CDC76D27F919B800E4C97E /* Scene.hpp */,
			);
			name = Scene;
			sourceTree = "<group>";
		};
		C9CDC73527F9195300E4C97E /* Input */ = {
			isa = PBXGroup;
			children = (
				C9CDC76627F919A900E4C97E /* Input.cpp */,
				C9CDC76527F919A900E4C97E /* Input.hpp */,
			);
			name = Input;
			sourceTree = "<group>";
		};
		C9CDC73627F9195700E4C97E /* Graphics */ = {
			isa = PBXGroup;
			children = (
				C9CDC7E1282E475100E4C97E /* SDL2 */,
				C9CDC75D27F9199D00E4C97E /* Animation.cpp */,
				C9CDC75727F9199C00E4C97E /* Animation.hpp */,
				C9CDC75227F9199C00E4C97E /* Drawing.cpp */,
				C9CDC75827F9199C00E4C97E /* Drawing.hpp */,
				C9CDC75C27F9199D00E4C97E /* Palette.cpp */,
				C9CDC75127F9199C00E4C97E /* Palette.hpp */,
				C9CDC75527F9199C00E4C97E /* Scene3D.cpp */,
				C9CDC75A27F9199C00E4C97E /* Scene3D.hpp */,
				C9CDC75027F9199C00E4C97E /* Sprite.cpp */,
				C9CDC75927F9199C00E4C97E /* Sprite.hpp */,
				C9CDC75627F9199C00E4C97E /* Video.cpp */,
				C9CDC75427F9199C00E4C97E /* Video.hpp */,
			);
			name = Graphics;
			sourceTree = "<group>";
		};
		C9CDC73727F9195C00E4C97E /* Dev */ = {
			isa = PBXGroup;
			children = (
				C9CDC74E27F9199300E4C97E /* Debug.cpp */,
				C9CDC74C27F9199300E4C97E /* Debug.hpp */,
				C9CDC74D27F9199300E4C97E /* DevFont.hpp */,
			);
			name = Dev;
			sourceTree = "<group>";
		};
		C9CDC73827F9196300E4C97E /* Core */ = {
			isa = PBXGroup;
			children = (
				C9CDC74227F9198700E4C97E /* Link.cpp */,
				C9CDC73F27F9198700E4C97E /* Link.hpp */,
				C9CDC74127F9198700E4C97E /* Math.cpp */,
				C9CDC73E27F9198700E4C97E /* Math.hpp */,
				C9CDC74327F9198700E4C97E /* ModAPI.cpp */,
				C9CDC74627F9198800E4C97E /* ModAPI.hpp */,
				C9CDC74427F9198800E4C97E /* Reader.cpp */,
				C9CDC74027F9198700E4C97E /* Reader.hpp */,
				C9CDC74527F9198800E4C97E /* RetroEngine.cpp */,
				C9CDC73D27F9198700E4C97E /* RetroEngine.hpp */,
			);
			name = Core;
			sourceTree = "<group>";
		};
		C9CDC73927F9197100E4C97E /* Audio */ = {
			isa = PBXGroup;
			children = (
				C9CDC7E8282E4A9E00E4C97E /* SDL2 */,
				C9CDC73A27F9197B00E4C97E /* Audio.cpp */,
				C9CDC73B27F9197C00E4C97E /* Audio.hpp */,
			);
			name = Audio;
			sourceTree = "<group>";
		};
		C9CDC77727F919D400E4C97E /* Steam */ = {
			isa = PBXGroup;
			children = (
				C9CDC7C627F91A2E00E4C97E /* SteamAchievements.cpp */,
				C9CDC7CF27F91A2E00E4C97E /* SteamAchievements.hpp */,
				C9CDC7C527F91A2D00E4C97E /* SteamCore.cpp */,
				C9CDC7C427F91A2D00E4C97E /* SteamCore.hpp */,
				C9CDC7CB27F91A2E00E4C97E /* SteamLeaderboards.cpp */,
				C9CDC7C727F91A2E00E4C97E /* SteamLeaderboards.hpp */,
				C9CDC7CC27F91A2E00E4C97E /* SteamPresence.cpp */,
				C9CDC7C827F91A2E00E4C97E /* SteamPresence.hpp */,
				C9CDC7CD27F91A2E00E4C97E /* SteamStats.cpp */,
				C9CDC7C927F91A2E00E4C97E /* SteamStats.hpp */,
				C9CDC7CE27F91A2E00E4C97E /* SteamStorage.cpp */,
				C9CDC7CA27F91A2E00E4C97E /* SteamStorage.hpp */,
			);
			name = Steam;
			sourceTree = "<group>";
		};
		C9CDC77827F919DC00E4C97E /* NX */ = {
			isa = PBXGroup;
			children = (
				C9CDC7B527F91A2200E4C97E /* NXAchievements.cpp */,
				C9CDC7BB27F91A2300E4C97E /* NXAchievements.hpp */,
				C9CDC7B827F91A2200E4C97E /* NXCore.cpp */,
				C9CDC7B727F91A2200E4C97E /* NXCore.hpp */,
				C9CDC7B927F91A2200E4C97E /* NXLeaderboards.cpp */,
				C9CDC7B427F91A2200E4C97E /* NXLeaderboards.hpp */,
				C9CDC7BA27F91A2300E4C97E /* NXPresence.cpp */,
				C9CDC7B627F91A2200E4C97E /* NXPresence.hpp */,
				C9CDC7BC27F91A2300E4C97E /* NXStats.cpp */,
				C9CDC7BD27F91A2300E4C97E /* NXStats.hpp */,
				C9CDC7B227F91A2200E4C97E /* NXStorage.cpp */,
				C9CDC7B327F91A2200E4C97E /* NXStorage.hpp */,
			);
			name = NX;
			sourceTree = "<group>";
		};
		C9CDC77927F919E200E4C97E /* EOS */ = {
			isa = PBXGroup;
			children = (
				C9CDC7A127F91A1600E4C97E /* EOSAchievements.cpp */,
				C9CDC7A227F91A1600E4C97E /* EOSAchievements.hpp */,
				C9CDC7A927F91A1700E4C97E /* EOSCore.cpp */,
				C9CDC7A427F91A1600E4C97E /* EOSCore.hpp */,
				C9CDC7A327F91A1600E4C97E /* EOSLeaderboards.cpp */,
				C9CDC7A727F91A1700E4C97E /* EOSLeaderboards.hpp */,
				C9CDC7AB27F91A1700E4C97E /* EOSPresence.cpp */,
				C9CDC7A527F91A1700E4C97E /* EOSPresence.hpp */,
				C9CDC7A827F91A1700E4C97E /* EOSStats.cpp */,
				C9CDC7A027F91A1600E4C97E /* EOSStats.hpp */,
				C9CDC7A627F91A1700E4C97E /* EOSStorage.cpp */,
				C9CDC7AA27F91A1700E4C97E /* EOSStorage.hpp */,
			);
			name = EOS;
			sourceTree = "<group>";
		};
		C9CDC77A27F919E800E4C97E /* Dummy */ = {
			isa = PBXGroup;
			children = (
				C9CDC79027F91A0900E4C97E /* DummyAchievements.cpp */,
				C9CDC78F27F91A0900E4C97E /* DummyAchievements.hpp */,
				C9CDC79227F91A0900E4C97E /* DummyCore.cpp */,
				C9CDC79927F91A0A00E4C97E /* DummyCore.hpp */,
				C9CDC79127F91A0900E4C97E /* DummyLeaderboards.cpp */,
				C9CDC79727F91A0900E4C97E /* DummyLeaderboards.hpp */,
				C9CDC79327F91A0900E4C97E /* DummyPresence.cpp */,
				C9CDC79827F91A0A00E4C97E /* DummyPresence.hpp */,
				C9CDC79427F91A0900E4C97E /* DummyStats.cpp */,
				C9CDC78E27F91A0900E4C97E /* DummyStats.hpp */,
				C9CDC79527F91A0900E4C97E /* DummyStorage.cpp */,
				C9CDC79627F91A0900E4C97E /* DummyStorage.hpp */,
			);
			name = Dummy;
			sourceTree = "<group>";
		};
		C9CDC77B27F919ED00E4C97E /* Core */ = {
			isa = PBXGroup;
			children = (
				C9CDC77D27F919FA00E4C97E /* UserAchievements.cpp */,
				C9CDC78427F919FB00E4C97E /* UserAchievements.hpp */,
				C9CDC78227F919FB00E4C97E /* UserCore.cpp */,
				C9CDC77C27F919FA00E4C97E /* UserCore.hpp */,
				C9CDC77E27F919FB00E4C97E /* UserLeaderboards.cpp */,
				C9CDC78327F919FB00E4C97E /* UserLeaderboards.hpp */,
				C9CDC78527F919FB00E4C97E /* UserPresence.cpp */,
				C9CDC78727F919FB00E4C97E /* UserPresence.hpp */,
				C9CDC77F27F919FB00E4C97E /* UserStats.cpp */,
				C9CDC78627F919FB00E4C97E /* UserStats.hpp */,
				C9CDC78127F919FB00E4C97E /* UserStorage.cpp */,
				C9CDC78027F919FB00E4C97E /* UserStorage.hpp */,
			);
			name = Core;
			sourceTree = "<group>";
		};
		C9CDC7D627F91A3600E4C97E /* Objects */ = {
			isa = PBXGroup;
			children = (
				C9CDC7D927F91A4100E4C97E /* DefaultObject.cpp */,
				C9CDC7D727F91A4100E4C97E /* DefaultObject.hpp */,
				C9CDC7DA27F91A4100E4C97E /* DevOutput.cpp */,
				C9CDC7D827F91A4100E4C97E /* DevOutput.hpp */,
			);
			name = Objects;
			sourceTree = "<group>";
		};
		C9CDC7DE282E44CB00E4C97E /* stb_vorbis */ = {
			isa = PBXGroup;
			children = (
				C9CDC7DF282E45AF00E4C97E /* stb_vorbis.c */,
			);
			name = stb_vorbis;
			sourceTree = "<group>";
		};
		C9CDC7E1282E475100E4C97E /* SDL2 */ = {
			isa = PBXGroup;
			children = (
				C9CDC7E6282E4A1100E4C97E /* SDL2RenderDevice.cpp */,
				C9CDC7E5282E4A1100E4C97E /* SDL2RenderDevice.hpp */,
			);
			name = SDL2;
			sourceTree = "<group>";
		};
		C9CDC7E8282E4A9E00E4C97E /* SDL2 */ = {
			isa = PBXGroup;
			children = (
				C9CDC7E9282E4AAC00E4C97E /* SDL2AudioDevice.cpp */,
				C9CDC7EA282E4AAC00E4C97E /* SDL2AudioDevice.hpp */,
			);
			name = SDL2;
			sourceTree = "<group>";
		};
/* End PBXGroup section */

/* Begin PBXNativeTarget section */
		C96881F025DF3C8700BEE4B8 /* RSDKv5 */ = {
			isa = PBXNativeTarget;
			buildConfigurationList = C968821825DF3C8B00BEE4B8 /* Build configuration list for PBXNativeTarget "RSDKv5" */;
			buildPhases = (
				C96881ED25DF3C8700BEE4B8 /* Sources */,
				C96881EE25DF3C8700BEE4B8 /* Frameworks */,
				C96881EF25DF3C8700BEE4B8 /* Resources */,
				C968886725DF3EF300BEE4B8 /* Embed Frameworks */,
			);
			buildRules = (
			);
			dependencies = (
			);
			name = RSDKv5;
			productName = RSDKv5;
			productReference = C96881F125DF3C8700BEE4B8 /* RSDKv5.app */;
			productType = "com.apple.product-type.application";
		};
/* End PBXNativeTarget section */

/* Begin PBXProject section */
		C968819F25DF3BC700BEE4B8 /* Project object */ = {
			isa = PBXProject;
			attributes = {
				LastUpgradeCheck = 1230;
				TargetAttributes = {
					C96881F025DF3C8700BEE4B8 = {
						CreatedOnToolsVersion = 12.3;
					};
				};
			};
			buildConfigurationList = C96881A225DF3BC700BEE4B8 /* Build configuration list for PBXProject "RSDKv5" */;
			compatibilityVersion = "Xcode 9.3";
			developmentRegion = en;
			hasScannedForEncodings = 0;
			knownRegions = (
				en,
				Base,
			);
			mainGroup = C968819E25DF3BC700BEE4B8;
			productRefGroup = C96881A825DF3BC700BEE4B8 /* Products */;
			projectDirPath = "";
			projectRoot = "";
			targets = (
				C96881F025DF3C8700BEE4B8 /* RSDKv5 */,
			);
		};
/* End PBXProject section */

/* Begin PBXResourcesBuildPhase section */
		C96881EF25DF3C8700BEE4B8 /* Resources */ = {
			isa = PBXResourcesBuildPhase;
			buildActionMask = 2147483647;
			files = (
				C96881FA25DF3C8B00BEE4B8 /* Info.plist in Resources */,
			);
			runOnlyForDeploymentPostprocessing = 0;
		};
/* End PBXResourcesBuildPhase section */

/* Begin PBXSourcesBuildPhase section */
		C96881ED25DF3C8700BEE4B8 /* Sources */ = {
			isa = PBXSourcesBuildPhase;
			buildActionMask = 2147483647;
			files = (
				C9CDC79C27F91A0A00E4C97E /* DummyCore.cpp in Sources */,
				C9CDC76127F9199D00E4C97E /* Scene3D.cpp in Sources */,
				C9CDC7D527F91A2F00E4C97E /* SteamStorage.cpp in Sources */,
				C9CDC77627F919C200E4C97E /* Text.cpp in Sources */,
				C9CDC78A27F919FB00E4C97E /* UserStats.cpp in Sources */,
				C9CDC79D27F91A0A00E4C97E /* DummyPresence.cpp in Sources */,
				C9CDC73C27F9197C00E4C97E /* Audio.cpp in Sources */,
				C9CDC78D27F919FB00E4C97E /* UserPresence.cpp in Sources */,
				C9CDC76327F9199D00E4C97E /* Palette.cpp in Sources */,
				C9CDC7AE27F91A1700E4C97E /* EOSStorage.cpp in Sources */,
				C9CDC7B127F91A1700E4C97E /* EOSPresence.cpp in Sources */,
				C9CDC78927F919FB00E4C97E /* UserLeaderboards.cpp in Sources */,
				C9CDC76727F919A900E4C97E /* Input.cpp in Sources */,
				C9CDC75E27F9199D00E4C97E /* Sprite.cpp in Sources */,
				C9CDC7C327F91A2300E4C97E /* NXStats.cpp in Sources */,
				C9CDC78B27F919FB00E4C97E /* UserStorage.cpp in Sources */,
				C9CDC74B27F9198800E4C97E /* RetroEngine.cpp in Sources */,
				C9CDC7C027F91A2300E4C97E /* NXCore.cpp in Sources */,
				C9CDC803284362FA00E4C97E /* miniz.c in Sources */,
				C9CDC79A27F91A0A00E4C97E /* DummyAchievements.cpp in Sources */,
				C9CDC7AC27F91A1700E4C97E /* EOSAchievements.cpp in Sources */,
				C9CDC78827F919FB00E4C97E /* UserAchievements.cpp in Sources */,
				C968886F25DF3F4C00BEE4B8 /* iniparser.cpp in Sources */,
				C9CDC7D227F91A2F00E4C97E /* SteamLeaderboards.cpp in Sources */,
				C9CDC7AF27F91A1700E4C97E /* EOSStats.cpp in Sources */,
				C9CDC7D427F91A2F00E4C97E /* SteamStats.cpp in Sources */,
				C9CDC7C227F91A2300E4C97E /* NXPresence.cpp in Sources */,
				C9CDC7BE27F91A2300E4C97E /* NXStorage.cpp in Sources */,
				C9CDC76F27F919B800E4C97E /* Scene.cpp in Sources */,
				C9CDC77027F919B800E4C97E /* Collision.cpp in Sources */,
				C9CDC74927F9198800E4C97E /* ModAPI.cpp in Sources */,
				C9CDC7DC27F91A4100E4C97E /* DevOutput.cpp in Sources */,
				C9CDC7D327F91A2F00E4C97E /* SteamPresence.cpp in Sources */,
				C9CDC7B027F91A1700E4C97E /* EOSCore.cpp in Sources */,
				C9CDC74F27F9199300E4C97E /* Debug.cpp in Sources */,
				C928353D26A3F28200D51CCE /* cocoaHelpers.mm in Sources */,
				C9CDC7BF27F91A2300E4C97E /* NXAchievements.cpp in Sources */,
				C9CDC79B27F91A0A00E4C97E /* DummyLeaderboards.cpp in Sources */,
				C9CDC7C127F91A2300E4C97E /* NXLeaderboards.cpp in Sources */,
				C9CDC76227F9199D00E4C97E /* Video.cpp in Sources */,
				C9CDC76E27F919B800E4C97E /* Object.cpp in Sources */,
				C9CDC78C27F919FB00E4C97E /* UserCore.cpp in Sources */,
				C9CDC73027F9165F00E4C97E /* main.cpp in Sources */,
				C9CDC7AD27F91A1700E4C97E /* EOSLeaderboards.cpp in Sources */,
				C9CDC7D127F91A2F00E4C97E /* SteamAchievements.cpp in Sources */,
				C9CDC74827F9198800E4C97E /* Link.cpp in Sources */,
				C9CDC76427F9199D00E4C97E /* Animation.cpp in Sources */,
				C9CDC74727F9198800E4C97E /* Math.cpp in Sources */,
				C9CDC7D027F91A2F00E4C97E /* SteamCore.cpp in Sources */,
				C9555DAE2744FE06006E1353 /* tinyxml2.cpp in Sources */,
				C9CDC77527F919C200E4C97E /* Storage.cpp in Sources */,
				C9CDC74A27F9198800E4C97E /* Reader.cpp in Sources */,
				C9CDC75F27F9199D00E4C97E /* Drawing.cpp in Sources */,
				C9CDC79E27F91A0A00E4C97E /* DummyStats.cpp in Sources */,
				C9CDC79F27F91A0A00E4C97E /* DummyStorage.cpp in Sources */,
				C9CDC7DB27F91A4100E4C97E /* DefaultObject.cpp in Sources */,
				C968886E25DF3F4C00BEE4B8 /* dictionary.cpp in Sources */,
			);
			runOnlyForDeploymentPostprocessing = 0;
		};
/* End PBXSourcesBuildPhase section */

/* Begin XCBuildConfiguration section */
		C96881CF25DF3BCB00BEE4B8 /* Debug */ = {
			isa = XCBuildConfiguration;
			buildSettings = {
				ALWAYS_SEARCH_USER_PATHS = NO;
				CLANG_ANALYZER_NONNULL = YES;
				CLANG_ANALYZER_NUMBER_OBJECT_CONVERSION = YES_AGGRESSIVE;
				CLANG_CXX_LANGUAGE_STANDARD = "gnu++17";
				CLANG_CXX_LIBRARY = "libc++";
				CLANG_ENABLE_MODULES = YES;
				CLANG_ENABLE_OBJC_ARC = YES;
				CLANG_ENABLE_OBJC_WEAK = YES;
				CLANG_WARN_BLOCK_CAPTURE_AUTORELEASING = YES;
				CLANG_WARN_BOOL_CONVERSION = YES;
				CLANG_WARN_COMMA = YES;
				CLANG_WARN_CONSTANT_CONVERSION = YES;
				CLANG_WARN_DEPRECATED_OBJC_IMPLEMENTATIONS = YES;
				CLANG_WARN_DIRECT_OBJC_ISA_USAGE = YES_ERROR;
				CLANG_WARN_DOCUMENTATION_COMMENTS = YES;
				CLANG_WARN_EMPTY_BODY = YES;
				CLANG_WARN_ENUM_CONVERSION = YES;
				CLANG_WARN_INFINITE_RECURSION = YES;
				CLANG_WARN_INT_CONVERSION = YES;
				CLANG_WARN_NON_LITERAL_NULL_CONVERSION = YES;
				CLANG_WARN_OBJC_IMPLICIT_RETAIN_SELF = YES;
				CLANG_WARN_OBJC_LITERAL_CONVERSION = YES;
				CLANG_WARN_OBJC_ROOT_CLASS = YES_ERROR;
				CLANG_WARN_QUOTED_INCLUDE_IN_FRAMEWORK_HEADER = YES;
				CLANG_WARN_RANGE_LOOP_ANALYSIS = YES;
				CLANG_WARN_STRICT_PROTOTYPES = YES;
				CLANG_WARN_SUSPICIOUS_MOVE = YES;
				CLANG_WARN_UNGUARDED_AVAILABILITY = YES_AGGRESSIVE;
				CLANG_WARN_UNREACHABLE_CODE = YES;
				CLANG_WARN__DUPLICATE_METHOD_MATCH = YES;
				COPY_PHASE_STRIP = NO;
				DEBUG_INFORMATION_FORMAT = dwarf;
				ENABLE_STRICT_OBJC_MSGSEND = YES;
				ENABLE_TESTABILITY = YES;
				GCC_C_LANGUAGE_STANDARD = gnu11;
				GCC_DYNAMIC_NO_PIC = NO;
				GCC_NO_COMMON_BLOCKS = YES;
				GCC_OPTIMIZATION_LEVEL = 0;
				GCC_PREPROCESSOR_DEFINITIONS = (
					"DEBUG=1",
					"$(inherited)",
				);
				GCC_WARN_64_TO_32_BIT_CONVERSION = YES;
				GCC_WARN_ABOUT_RETURN_TYPE = YES_ERROR;
				GCC_WARN_UNDECLARED_SELECTOR = YES;
				GCC_WARN_UNINITIALIZED_AUTOS = YES_AGGRESSIVE;
				GCC_WARN_UNUSED_FUNCTION = YES;
				GCC_WARN_UNUSED_VARIABLE = YES;
				HEADER_SEARCH_PATHS = "";
				MACOSX_DEPLOYMENT_TARGET = 10.15;
				MTL_ENABLE_DEBUG_INFO = INCLUDE_SOURCE;
				MTL_FAST_MATH = YES;
				ONLY_ACTIVE_ARCH = YES;
				SDKROOT = macosx;
				USER_HEADER_SEARCH_PATHS = "";
			};
			name = Debug;
		};
		C96881D025DF3BCB00BEE4B8 /* Release */ = {
			isa = XCBuildConfiguration;
			buildSettings = {
				ALWAYS_SEARCH_USER_PATHS = NO;
				CLANG_ANALYZER_NONNULL = YES;
				CLANG_ANALYZER_NUMBER_OBJECT_CONVERSION = YES_AGGRESSIVE;
				CLANG_CXX_LANGUAGE_STANDARD = "gnu++17";
				CLANG_CXX_LIBRARY = "libc++";
				CLANG_ENABLE_MODULES = YES;
				CLANG_ENABLE_OBJC_ARC = YES;
				CLANG_ENABLE_OBJC_WEAK = YES;
				CLANG_WARN_BLOCK_CAPTURE_AUTORELEASING = YES;
				CLANG_WARN_BOOL_CONVERSION = YES;
				CLANG_WARN_COMMA = YES;
				CLANG_WARN_CONSTANT_CONVERSION = YES;
				CLANG_WARN_DEPRECATED_OBJC_IMPLEMENTATIONS = YES;
				CLANG_WARN_DIRECT_OBJC_ISA_USAGE = YES_ERROR;
				CLANG_WARN_DOCUMENTATION_COMMENTS = YES;
				CLANG_WARN_EMPTY_BODY = YES;
				CLANG_WARN_ENUM_CONVERSION = YES;
				CLANG_WARN_INFINITE_RECURSION = YES;
				CLANG_WARN_INT_CONVERSION = YES;
				CLANG_WARN_NON_LITERAL_NULL_CONVERSION = YES;
				CLANG_WARN_OBJC_IMPLICIT_RETAIN_SELF = YES;
				CLANG_WARN_OBJC_LITERAL_CONVERSION = YES;
				CLANG_WARN_OBJC_ROOT_CLASS = YES_ERROR;
				CLANG_WARN_QUOTED_INCLUDE_IN_FRAMEWORK_HEADER = YES;
				CLANG_WARN_RANGE_LOOP_ANALYSIS = YES;
				CLANG_WARN_STRICT_PROTOTYPES = YES;
				CLANG_WARN_SUSPICIOUS_MOVE = YES;
				CLANG_WARN_UNGUARDED_AVAILABILITY = YES_AGGRESSIVE;
				CLANG_WARN_UNREACHABLE_CODE = YES;
				CLANG_WARN__DUPLICATE_METHOD_MATCH = YES;
				COPY_PHASE_STRIP = NO;
				DEBUG_INFORMATION_FORMAT = "dwarf-with-dsym";
				ENABLE_NS_ASSERTIONS = NO;
				ENABLE_STRICT_OBJC_MSGSEND = YES;
				GCC_C_LANGUAGE_STANDARD = gnu11;
				GCC_NO_COMMON_BLOCKS = YES;
				GCC_WARN_64_TO_32_BIT_CONVERSION = YES;
				GCC_WARN_ABOUT_RETURN_TYPE = YES_ERROR;
				GCC_WARN_UNDECLARED_SELECTOR = YES;
				GCC_WARN_UNINITIALIZED_AUTOS = YES_AGGRESSIVE;
				GCC_WARN_UNUSED_FUNCTION = YES;
				GCC_WARN_UNUSED_VARIABLE = YES;
				HEADER_SEARCH_PATHS = "";
				MACOSX_DEPLOYMENT_TARGET = 10.15;
				MTL_ENABLE_DEBUG_INFO = NO;
				MTL_FAST_MATH = YES;
				SDKROOT = macosx;
				USER_HEADER_SEARCH_PATHS = "";
			};
			name = Release;
		};
		C968821925DF3C8B00BEE4B8 /* Debug */ = {
			isa = XCBuildConfiguration;
			buildSettings = {
				ASSETCATALOG_COMPILER_APPICON_NAME = AppIcon;
				ASSETCATALOG_COMPILER_GLOBAL_ACCENT_COLOR_NAME = AccentColor;
				CODE_SIGN_ENTITLEMENTS = dependencies/mac/RSDKv5/RSDKv5.entitlements;
				CODE_SIGN_STYLE = Automatic;
				COMBINE_HIDPI_IMAGES = YES;
				FRAMEWORK_SEARCH_PATHS = (
					"$(inherited)",
					"$(PROJECT_DIR)/dependencies/mac",
					"$(PROJECT_DIR)/dependencies/mac/libogg/macosx",
					"$(PROJECT_DIR)/dependencies/mac/libvorbis/macosx",
					"$(PROJECT_DIR)/dependencies/mac/libtheora/macosx",
				);
				GCC_PREPROCESSOR_DEFINITIONS = (
					"RSDK_USE_SDL2=1",
					"DEBUG=1",
				);
				HEADER_SEARCH_PATHS = (
					"$(PROJECT_DIR)/dependencies/all",
					"$(PROJECT_DIR)/dependencies/mac",
					"$(PROJECT_DIR)/RSDKv5/",
				);
				INFOPLIST_FILE = "$(PROJECT_DIR)/dependencies/mac/RSDKv5/Info.plist";
				LD_RUNPATH_SEARCH_PATHS = (
					"$(inherited)",
					"@executable_path/../Frameworks",
				);
				MARKETING_VERSION = 1.0.0;
				PRODUCT_BUNDLE_IDENTIFIER = RSDK.RSDKv5;
				PRODUCT_NAME = "$(TARGET_NAME)";
				USER_HEADER_SEARCH_PATHS = "";
			};
			name = Debug;
		};
		C968821A25DF3C8B00BEE4B8 /* Release */ = {
			isa = XCBuildConfiguration;
			buildSettings = {
				ASSETCATALOG_COMPILER_APPICON_NAME = AppIcon;
				ASSETCATALOG_COMPILER_GLOBAL_ACCENT_COLOR_NAME = AccentColor;
				CODE_SIGN_ENTITLEMENTS = dependencies/mac/RSDKv5/RSDKv5.entitlements;
				CODE_SIGN_STYLE = Automatic;
				COMBINE_HIDPI_IMAGES = YES;
				FRAMEWORK_SEARCH_PATHS = (
					"$(inherited)",
					"$(PROJECT_DIR)/dependencies/mac",
					"$(PROJECT_DIR)/dependencies/mac/libogg/macosx",
					"$(PROJECT_DIR)/dependencies/mac/libvorbis/macosx",
					"$(PROJECT_DIR)/dependencies/mac/libtheora/macosx",
				);
				GCC_PREPROCESSOR_DEFINITIONS = "RSDK_USE_SDL2=1";
				HEADER_SEARCH_PATHS = (
					"$(PROJECT_DIR)/dependencies/all",
					"$(PROJECT_DIR)/dependencies/mac",
					"$(PROJECT_DIR)/RSDKv5/",
				);
				INFOPLIST_FILE = "$(PROJECT_DIR)/dependencies/mac/RSDKv5/Info.plist";
				LD_RUNPATH_SEARCH_PATHS = (
					"$(inherited)",
					"@executable_path/../Frameworks",
				);
				MARKETING_VERSION = 1.0.0;
				PRODUCT_BUNDLE_IDENTIFIER = RSDK.RSDKv5;
				PRODUCT_NAME = "$(TARGET_NAME)";
				USER_HEADER_SEARCH_PATHS = "";
			};
			name = Release;
		};
/* End XCBuildConfiguration section */

/* Begin XCConfigurationList section */
		C96881A225DF3BC700BEE4B8 /* Build configuration list for PBXProject "RSDKv5" */ = {
			isa = XCConfigurationList;
			buildConfigurations = (
				C96881CF25DF3BCB00BEE4B8 /* Debug */,
				C96881D025DF3BCB00BEE4B8 /* Release */,
			);
			defaultConfigurationIsVisible = 0;
			defaultConfigurationName = Release;
		};
		C968821825DF3C8B00BEE4B8 /* Build configuration list for PBXNativeTarget "RSDKv5" */ = {
			isa = XCConfigurationList;
			buildConfigurations = (
				C968821925DF3C8B00BEE4B8 /* Debug */,
				C968821A25DF3C8B00BEE4B8 /* Release */,
			);
			defaultConfigurationIsVisible = 0;
			defaultConfigurationName = Release;
		};
/* End XCConfigurationList section */
	};
	rootObject = C968819F25DF3BC700BEE4B8 /* Project object */;
}
